// !$*UTF8*$!
{
	archiveVersion = 1;
	classes = {
	};
	objectVersion = 48;
	objects = {

/* Begin PBXBuildFile section */
		A71C85981FBD9587000F2DD9 /* Main.storyboard in Resources */ = {isa = PBXBuildFile; fileRef = A71C85961FBD9587000F2DD9 /* Main.storyboard */; };
		A71C85B71FBE0D52000F2DD9 /* BaseSnippet+CoreDataClass.swift in Sources */ = {isa = PBXBuildFile; fileRef = A71C85B51FBE0D52000F2DD9 /* BaseSnippet+CoreDataClass.swift */; };
		A71C85B81FBE0D52000F2DD9 /* BaseSnippet+CoreDataProperties.swift in Sources */ = {isa = PBXBuildFile; fileRef = A71C85B61FBE0D52000F2DD9 /* BaseSnippet+CoreDataProperties.swift */; };
		A71C85BB1FBE192D000F2DD9 /* TextSnippet+CoreDataClass.swift in Sources */ = {isa = PBXBuildFile; fileRef = A71C85B91FBE192D000F2DD9 /* TextSnippet+CoreDataClass.swift */; };
		A71C85BC1FBE192D000F2DD9 /* TextSnippet+CoreDataProperties.swift in Sources */ = {isa = PBXBuildFile; fileRef = A71C85BA1FBE192D000F2DD9 /* TextSnippet+CoreDataProperties.swift */; };
		A71C85BF1FBE1972000F2DD9 /* Report+CoreDataClass.swift in Sources */ = {isa = PBXBuildFile; fileRef = A71C85BD1FBE1972000F2DD9 /* Report+CoreDataClass.swift */; };
		A71C85C01FBE1972000F2DD9 /* Report+CoreDataProperties.swift in Sources */ = {isa = PBXBuildFile; fileRef = A71C85BE1FBE1972000F2DD9 /* Report+CoreDataProperties.swift */; };
		A71C85C91FBE19F3000F2DD9 /* VideoSnippet+CoreDataClass.swift in Sources */ = {isa = PBXBuildFile; fileRef = A71C85C11FBE19F3000F2DD9 /* VideoSnippet+CoreDataClass.swift */; };
		A71C85CA1FBE19F3000F2DD9 /* VideoSnippet+CoreDataProperties.swift in Sources */ = {isa = PBXBuildFile; fileRef = A71C85C21FBE19F3000F2DD9 /* VideoSnippet+CoreDataProperties.swift */; };
		A71C85CB1FBE19F3000F2DD9 /* AudioSnippet+CoreDataClass.swift in Sources */ = {isa = PBXBuildFile; fileRef = A71C85C31FBE19F3000F2DD9 /* AudioSnippet+CoreDataClass.swift */; };
		A71C85CC1FBE19F3000F2DD9 /* AudioSnippet+CoreDataProperties.swift in Sources */ = {isa = PBXBuildFile; fileRef = A71C85C41FBE19F3000F2DD9 /* AudioSnippet+CoreDataProperties.swift */; };
		A71C85CD1FBE19F3000F2DD9 /* SketchSnippet+CoreDataClass.swift in Sources */ = {isa = PBXBuildFile; fileRef = A71C85C51FBE19F3000F2DD9 /* SketchSnippet+CoreDataClass.swift */; };
		A71C85CE1FBE19F3000F2DD9 /* SketchSnippet+CoreDataProperties.swift in Sources */ = {isa = PBXBuildFile; fileRef = A71C85C61FBE19F3000F2DD9 /* SketchSnippet+CoreDataProperties.swift */; };
		A71C85CF1FBE19F3000F2DD9 /* PhotoSnippet+CoreDataClass.swift in Sources */ = {isa = PBXBuildFile; fileRef = A71C85C71FBE19F3000F2DD9 /* PhotoSnippet+CoreDataClass.swift */; };
		A71C85D01FBE19F3000F2DD9 /* PhotoSnippet+CoreDataProperties.swift in Sources */ = {isa = PBXBuildFile; fileRef = A71C85C81FBE19F3000F2DD9 /* PhotoSnippet+CoreDataProperties.swift */; };
		A71C85E71FBED634000F2DD9 /* SnippetsViewController.swift in Sources */ = {isa = PBXBuildFile; fileRef = A71C85E61FBED634000F2DD9 /* SnippetsViewController.swift */; };
		A71C85E91FBED660000F2DD9 /* SnippetsViewDataSource.swift in Sources */ = {isa = PBXBuildFile; fileRef = A71C85E81FBED660000F2DD9 /* SnippetsViewDataSource.swift */; };
		A71C85EB1FBED786000F2DD9 /* MainMenuItems.swift in Sources */ = {isa = PBXBuildFile; fileRef = A71C85EA1FBED786000F2DD9 /* MainMenuItems.swift */; };
		A71C85ED1FBEFCD1000F2DD9 /* SnippetsViewCell.swift in Sources */ = {isa = PBXBuildFile; fileRef = A71C85EC1FBEFCD1000F2DD9 /* SnippetsViewCell.swift */; };
		A71C85EF1FBF37EA000F2DD9 /* TextSnippetViewController.swift in Sources */ = {isa = PBXBuildFile; fileRef = A71C85EE1FBF37EA000F2DD9 /* TextSnippetViewController.swift */; };
		A7330F101FC09FCB00D8EBC9 /* SnippetsTableViewDelegate.swift in Sources */ = {isa = PBXBuildFile; fileRef = A7330F0F1FC09FCB00D8EBC9 /* SnippetsTableViewDelegate.swift */; };
		A75489891FBC4F2900359C0C /* AppDelegate.swift in Sources */ = {isa = PBXBuildFile; fileRef = A75489881FBC4F2900359C0C /* AppDelegate.swift */; };
		A754898B1FBC4F2900359C0C /* MainViewController.swift in Sources */ = {isa = PBXBuildFile; fileRef = A754898A1FBC4F2900359C0C /* MainViewController.swift */; };
		A75489911FBC4F2900359C0C /* Newsman.xcdatamodeld in Sources */ = {isa = PBXBuildFile; fileRef = A754898F1FBC4F2900359C0C /* Newsman.xcdatamodeld */; };
		A75489931FBC4F2900359C0C /* Assets.xcassets in Resources */ = {isa = PBXBuildFile; fileRef = A75489921FBC4F2900359C0C /* Assets.xcassets */; };
		A75489961FBC4F2900359C0C /* LaunchScreen.storyboard in Resources */ = {isa = PBXBuildFile; fileRef = A75489941FBC4F2900359C0C /* LaunchScreen.storyboard */; };
		A75489A11FBC4F2900359C0C /* NewsmanTests.swift in Sources */ = {isa = PBXBuildFile; fileRef = A75489A01FBC4F2900359C0C /* NewsmanTests.swift */; };
		A75489AC1FBC4F2900359C0C /* NewsmanUITests.swift in Sources */ = {isa = PBXBuildFile; fileRef = A75489AB1FBC4F2900359C0C /* NewsmanUITests.swift */; };
		A75489BC1FBC620300359C0C /* MainViewCell.swift in Sources */ = {isa = PBXBuildFile; fileRef = A75489BB1FBC620300359C0C /* MainViewCell.swift */; };
		A75489BE1FBC649000359C0C /* MainViewDataSource.swift in Sources */ = {isa = PBXBuildFile; fileRef = A75489BD1FBC649000359C0C /* MainViewDataSource.swift */; };
/* End PBXBuildFile section */

/* Begin PBXContainerItemProxy section */
		A754899D1FBC4F2900359C0C /* PBXContainerItemProxy */ = {
			isa = PBXContainerItemProxy;
			containerPortal = A754897D1FBC4F2900359C0C /* Project object */;
			proxyType = 1;
			remoteGlobalIDString = A75489841FBC4F2900359C0C;
			remoteInfo = Newsman;
		};
		A75489A81FBC4F2900359C0C /* PBXContainerItemProxy */ = {
			isa = PBXContainerItemProxy;
			containerPortal = A754897D1FBC4F2900359C0C /* Project object */;
			proxyType = 1;
			remoteGlobalIDString = A75489841FBC4F2900359C0C;
			remoteInfo = Newsman;
		};
/* End PBXContainerItemProxy section */

/* Begin PBXFileReference section */
		A71C85971FBD9587000F2DD9 /* Base */ = {isa = PBXFileReference; lastKnownFileType = file.storyboard; name = Base; path = Base.lproj/Main.storyboard; sourceTree = "<group>"; };
		A71C85B51FBE0D52000F2DD9 /* BaseSnippet+CoreDataClass.swift */ = {isa = PBXFileReference; lastKnownFileType = sourcecode.swift; path = "BaseSnippet+CoreDataClass.swift"; sourceTree = "<group>"; };
		A71C85B61FBE0D52000F2DD9 /* BaseSnippet+CoreDataProperties.swift */ = {isa = PBXFileReference; lastKnownFileType = sourcecode.swift; path = "BaseSnippet+CoreDataProperties.swift"; sourceTree = "<group>"; };
		A71C85B91FBE192D000F2DD9 /* TextSnippet+CoreDataClass.swift */ = {isa = PBXFileReference; lastKnownFileType = sourcecode.swift; path = "TextSnippet+CoreDataClass.swift"; sourceTree = "<group>"; };
		A71C85BA1FBE192D000F2DD9 /* TextSnippet+CoreDataProperties.swift */ = {isa = PBXFileReference; lastKnownFileType = sourcecode.swift; path = "TextSnippet+CoreDataProperties.swift"; sourceTree = "<group>"; };
		A71C85BD1FBE1972000F2DD9 /* Report+CoreDataClass.swift */ = {isa = PBXFileReference; lastKnownFileType = sourcecode.swift; path = "Report+CoreDataClass.swift"; sourceTree = "<group>"; };
		A71C85BE1FBE1972000F2DD9 /* Report+CoreDataProperties.swift */ = {isa = PBXFileReference; lastKnownFileType = sourcecode.swift; path = "Report+CoreDataProperties.swift"; sourceTree = "<group>"; };
		A71C85C11FBE19F3000F2DD9 /* VideoSnippet+CoreDataClass.swift */ = {isa = PBXFileReference; lastKnownFileType = sourcecode.swift; path = "VideoSnippet+CoreDataClass.swift"; sourceTree = "<group>"; };
		A71C85C21FBE19F3000F2DD9 /* VideoSnippet+CoreDataProperties.swift */ = {isa = PBXFileReference; lastKnownFileType = sourcecode.swift; path = "VideoSnippet+CoreDataProperties.swift"; sourceTree = "<group>"; };
		A71C85C31FBE19F3000F2DD9 /* AudioSnippet+CoreDataClass.swift */ = {isa = PBXFileReference; lastKnownFileType = sourcecode.swift; path = "AudioSnippet+CoreDataClass.swift"; sourceTree = "<group>"; };
		A71C85C41FBE19F3000F2DD9 /* AudioSnippet+CoreDataProperties.swift */ = {isa = PBXFileReference; lastKnownFileType = sourcecode.swift; path = "AudioSnippet+CoreDataProperties.swift"; sourceTree = "<group>"; };
		A71C85C51FBE19F3000F2DD9 /* SketchSnippet+CoreDataClass.swift */ = {isa = PBXFileReference; lastKnownFileType = sourcecode.swift; path = "SketchSnippet+CoreDataClass.swift"; sourceTree = "<group>"; };
		A71C85C61FBE19F3000F2DD9 /* SketchSnippet+CoreDataProperties.swift */ = {isa = PBXFileReference; lastKnownFileType = sourcecode.swift; path = "SketchSnippet+CoreDataProperties.swift"; sourceTree = "<group>"; };
		A71C85C71FBE19F3000F2DD9 /* PhotoSnippet+CoreDataClass.swift */ = {isa = PBXFileReference; lastKnownFileType = sourcecode.swift; path = "PhotoSnippet+CoreDataClass.swift"; sourceTree = "<group>"; };
		A71C85C81FBE19F3000F2DD9 /* PhotoSnippet+CoreDataProperties.swift */ = {isa = PBXFileReference; lastKnownFileType = sourcecode.swift; path = "PhotoSnippet+CoreDataProperties.swift"; sourceTree = "<group>"; };
		A71C85E61FBED634000F2DD9 /* SnippetsViewController.swift */ = {isa = PBXFileReference; lastKnownFileType = sourcecode.swift; path = SnippetsViewController.swift; sourceTree = "<group>"; };
		A71C85E81FBED660000F2DD9 /* SnippetsViewDataSource.swift */ = {isa = PBXFileReference; lastKnownFileType = sourcecode.swift; path = SnippetsViewDataSource.swift; sourceTree = "<group>"; };
		A71C85EA1FBED786000F2DD9 /* MainMenuItems.swift */ = {isa = PBXFileReference; lastKnownFileType = sourcecode.swift; path = MainMenuItems.swift; sourceTree = "<group>"; };
		A71C85EC1FBEFCD1000F2DD9 /* SnippetsViewCell.swift */ = {isa = PBXFileReference; lastKnownFileType = sourcecode.swift; path = SnippetsViewCell.swift; sourceTree = "<group>"; };
		A71C85EE1FBF37EA000F2DD9 /* TextSnippetViewController.swift */ = {isa = PBXFileReference; lastKnownFileType = sourcecode.swift; path = TextSnippetViewController.swift; sourceTree = "<group>"; };
		A7330F0F1FC09FCB00D8EBC9 /* SnippetsTableViewDelegate.swift */ = {isa = PBXFileReference; lastKnownFileType = sourcecode.swift; path = SnippetsTableViewDelegate.swift; sourceTree = "<group>"; };
		A75489851FBC4F2900359C0C /* Newsman.app */ = {isa = PBXFileReference; explicitFileType = wrapper.application; includeInIndex = 0; path = Newsman.app; sourceTree = BUILT_PRODUCTS_DIR; };
		A75489881FBC4F2900359C0C /* AppDelegate.swift */ = {isa = PBXFileReference; lastKnownFileType = sourcecode.swift; path = AppDelegate.swift; sourceTree = "<group>"; };
		A754898A1FBC4F2900359C0C /* MainViewController.swift */ = {isa = PBXFileReference; lastKnownFileType = sourcecode.swift; path = MainViewController.swift; sourceTree = "<group>"; };
		A75489901FBC4F2900359C0C /* Newsman.xcdatamodel */ = {isa = PBXFileReference; lastKnownFileType = wrapper.xcdatamodel; path = Newsman.xcdatamodel; sourceTree = "<group>"; };
		A75489921FBC4F2900359C0C /* Assets.xcassets */ = {isa = PBXFileReference; lastKnownFileType = folder.assetcatalog; path = Assets.xcassets; sourceTree = "<group>"; };
		A75489951FBC4F2900359C0C /* Base */ = {isa = PBXFileReference; lastKnownFileType = file.storyboard; name = Base; path = Base.lproj/LaunchScreen.storyboard; sourceTree = "<group>"; };
		A75489971FBC4F2900359C0C /* Info.plist */ = {isa = PBXFileReference; lastKnownFileType = text.plist.xml; path = Info.plist; sourceTree = "<group>"; };
		A754899C1FBC4F2900359C0C /* NewsmanTests.xctest */ = {isa = PBXFileReference; explicitFileType = wrapper.cfbundle; includeInIndex = 0; path = NewsmanTests.xctest; sourceTree = BUILT_PRODUCTS_DIR; };
		A75489A01FBC4F2900359C0C /* NewsmanTests.swift */ = {isa = PBXFileReference; lastKnownFileType = sourcecode.swift; path = NewsmanTests.swift; sourceTree = "<group>"; };
		A75489A21FBC4F2900359C0C /* Info.plist */ = {isa = PBXFileReference; lastKnownFileType = text.plist.xml; path = Info.plist; sourceTree = "<group>"; };
		A75489A71FBC4F2900359C0C /* NewsmanUITests.xctest */ = {isa = PBXFileReference; explicitFileType = wrapper.cfbundle; includeInIndex = 0; path = NewsmanUITests.xctest; sourceTree = BUILT_PRODUCTS_DIR; };
		A75489AB1FBC4F2900359C0C /* NewsmanUITests.swift */ = {isa = PBXFileReference; lastKnownFileType = sourcecode.swift; path = NewsmanUITests.swift; sourceTree = "<group>"; };
		A75489AD1FBC4F2900359C0C /* Info.plist */ = {isa = PBXFileReference; lastKnownFileType = text.plist.xml; path = Info.plist; sourceTree = "<group>"; };
		A75489BB1FBC620300359C0C /* MainViewCell.swift */ = {isa = PBXFileReference; lastKnownFileType = sourcecode.swift; path = MainViewCell.swift; sourceTree = "<group>"; };
		A75489BD1FBC649000359C0C /* MainViewDataSource.swift */ = {isa = PBXFileReference; lastKnownFileType = sourcecode.swift; path = MainViewDataSource.swift; sourceTree = "<group>"; };
/* End PBXFileReference section */

/* Begin PBXFrameworksBuildPhase section */
		A75489821FBC4F2900359C0C /* Frameworks */ = {
			isa = PBXFrameworksBuildPhase;
			buildActionMask = 2147483647;
			files = (
			);
			runOnlyForDeploymentPostprocessing = 0;
		};
		A75489991FBC4F2900359C0C /* Frameworks */ = {
			isa = PBXFrameworksBuildPhase;
			buildActionMask = 2147483647;
			files = (
			);
			runOnlyForDeploymentPostprocessing = 0;
		};
		A75489A41FBC4F2900359C0C /* Frameworks */ = {
			isa = PBXFrameworksBuildPhase;
			buildActionMask = 2147483647;
			files = (
			);
			runOnlyForDeploymentPostprocessing = 0;
		};
/* End PBXFrameworksBuildPhase section */

/* Begin PBXGroup section */
		A71C85D21FBE228F000F2DD9 /* Core Data Classes */ = {
			isa = PBXGroup;
			children = (
				A71C85C41FBE19F3000F2DD9 /* AudioSnippet+CoreDataProperties.swift */,
				A71C85C51FBE19F3000F2DD9 /* SketchSnippet+CoreDataClass.swift */,
				A71C85C61FBE19F3000F2DD9 /* SketchSnippet+CoreDataProperties.swift */,
				A71C85C71FBE19F3000F2DD9 /* PhotoSnippet+CoreDataClass.swift */,
				A71C85C81FBE19F3000F2DD9 /* PhotoSnippet+CoreDataProperties.swift */,
				A71C85BD1FBE1972000F2DD9 /* Report+CoreDataClass.swift */,
				A71C85BE1FBE1972000F2DD9 /* Report+CoreDataProperties.swift */,
				A71C85B91FBE192D000F2DD9 /* TextSnippet+CoreDataClass.swift */,
				A71C85BA1FBE192D000F2DD9 /* TextSnippet+CoreDataProperties.swift */,
				A71C85B51FBE0D52000F2DD9 /* BaseSnippet+CoreDataClass.swift */,
				A71C85B61FBE0D52000F2DD9 /* BaseSnippet+CoreDataProperties.swift */,
				A71C85C21FBE19F3000F2DD9 /* VideoSnippet+CoreDataProperties.swift */,
				A71C85C31FBE19F3000F2DD9 /* AudioSnippet+CoreDataClass.swift */,
				A71C85C11FBE19F3000F2DD9 /* VideoSnippet+CoreDataClass.swift */,
			);
			name = "Core Data Classes";
			sourceTree = "<group>";
		};
		A754897C1FBC4F2900359C0C = {
			isa = PBXGroup;
			children = (
				A71C85D21FBE228F000F2DD9 /* Core Data Classes */,
				A75489871FBC4F2900359C0C /* Newsman */,
				A754899F1FBC4F2900359C0C /* NewsmanTests */,
				A75489AA1FBC4F2900359C0C /* NewsmanUITests */,
				A75489861FBC4F2900359C0C /* Products */,
			);
			sourceTree = "<group>";
		};
		A75489861FBC4F2900359C0C /* Products */ = {
			isa = PBXGroup;
			children = (
				A75489851FBC4F2900359C0C /* Newsman.app */,
				A754899C1FBC4F2900359C0C /* NewsmanTests.xctest */,
				A75489A71FBC4F2900359C0C /* NewsmanUITests.xctest */,
			);
			name = Products;
			sourceTree = "<group>";
		};
		A75489871FBC4F2900359C0C /* Newsman */ = {
			isa = PBXGroup;
			children = (
				A71C85961FBD9587000F2DD9 /* Main.storyboard */,
				A71C85EE1FBF37EA000F2DD9 /* TextSnippetViewController.swift */,
				A71C85EC1FBEFCD1000F2DD9 /* SnippetsViewCell.swift */,
				A71C85E61FBED634000F2DD9 /* SnippetsViewController.swift */,
				A7330F0F1FC09FCB00D8EBC9 /* SnippetsTableViewDelegate.swift */,
				A71C85E81FBED660000F2DD9 /* SnippetsViewDataSource.swift */,
				A75489881FBC4F2900359C0C /* AppDelegate.swift */,
				A754898A1FBC4F2900359C0C /* MainViewController.swift */,
				A75489BD1FBC649000359C0C /* MainViewDataSource.swift */,
				A71C85EA1FBED786000F2DD9 /* MainMenuItems.swift */,
				A75489BB1FBC620300359C0C /* MainViewCell.swift */,
				A75489921FBC4F2900359C0C /* Assets.xcassets */,
				A75489941FBC4F2900359C0C /* LaunchScreen.storyboard */,
				A75489971FBC4F2900359C0C /* Info.plist */,
				A754898F1FBC4F2900359C0C /* Newsman.xcdatamodeld */,
			);
			path = Newsman;
			sourceTree = "<group>";
		};
		A754899F1FBC4F2900359C0C /* NewsmanTests */ = {
			isa = PBXGroup;
			children = (
				A75489A01FBC4F2900359C0C /* NewsmanTests.swift */,
				A75489A21FBC4F2900359C0C /* Info.plist */,
			);
			path = NewsmanTests;
			sourceTree = "<group>";
		};
		A75489AA1FBC4F2900359C0C /* NewsmanUITests */ = {
			isa = PBXGroup;
			children = (
				A75489AB1FBC4F2900359C0C /* NewsmanUITests.swift */,
				A75489AD1FBC4F2900359C0C /* Info.plist */,
			);
			path = NewsmanUITests;
			sourceTree = "<group>";
		};
/* End PBXGroup section */

/* Begin PBXNativeTarget section */
		A75489841FBC4F2900359C0C /* Newsman */ = {
			isa = PBXNativeTarget;
			buildConfigurationList = A75489B01FBC4F2900359C0C /* Build configuration list for PBXNativeTarget "Newsman" */;
			buildPhases = (
				A75489811FBC4F2900359C0C /* Sources */,
				A75489821FBC4F2900359C0C /* Frameworks */,
				A75489831FBC4F2900359C0C /* Resources */,
			);
			buildRules = (
			);
			dependencies = (
			);
			name = Newsman;
			productName = Newsman;
			productReference = A75489851FBC4F2900359C0C /* Newsman.app */;
			productType = "com.apple.product-type.application";
		};
		A754899B1FBC4F2900359C0C /* NewsmanTests */ = {
			isa = PBXNativeTarget;
			buildConfigurationList = A75489B31FBC4F2900359C0C /* Build configuration list for PBXNativeTarget "NewsmanTests" */;
			buildPhases = (
				A75489981FBC4F2900359C0C /* Sources */,
				A75489991FBC4F2900359C0C /* Frameworks */,
				A754899A1FBC4F2900359C0C /* Resources */,
			);
			buildRules = (
			);
			dependencies = (
				A754899E1FBC4F2900359C0C /* PBXTargetDependency */,
			);
			name = NewsmanTests;
			productName = NewsmanTests;
			productReference = A754899C1FBC4F2900359C0C /* NewsmanTests.xctest */;
			productType = "com.apple.product-type.bundle.unit-test";
		};
		A75489A61FBC4F2900359C0C /* NewsmanUITests */ = {
			isa = PBXNativeTarget;
			buildConfigurationList = A75489B61FBC4F2900359C0C /* Build configuration list for PBXNativeTarget "NewsmanUITests" */;
			buildPhases = (
				A75489A31FBC4F2900359C0C /* Sources */,
				A75489A41FBC4F2900359C0C /* Frameworks */,
				A75489A51FBC4F2900359C0C /* Resources */,
			);
			buildRules = (
			);
			dependencies = (
				A75489A91FBC4F2900359C0C /* PBXTargetDependency */,
			);
			name = NewsmanUITests;
			productName = NewsmanUITests;
			productReference = A75489A71FBC4F2900359C0C /* NewsmanUITests.xctest */;
			productType = "com.apple.product-type.bundle.ui-testing";
		};
/* End PBXNativeTarget section */

/* Begin PBXProject section */
		A754897D1FBC4F2900359C0C /* Project object */ = {
			isa = PBXProject;
			attributes = {
				LastSwiftUpdateCheck = 0910;
				LastUpgradeCheck = 0910;
				ORGANIZATIONNAME = Anton2016;
				TargetAttributes = {
					A75489841FBC4F2900359C0C = {
						CreatedOnToolsVersion = 9.1;
						ProvisioningStyle = Automatic;
					};
					A754899B1FBC4F2900359C0C = {
						CreatedOnToolsVersion = 9.1;
						ProvisioningStyle = Automatic;
						TestTargetID = A75489841FBC4F2900359C0C;
					};
					A75489A61FBC4F2900359C0C = {
						CreatedOnToolsVersion = 9.1;
						ProvisioningStyle = Automatic;
						TestTargetID = A75489841FBC4F2900359C0C;
					};
				};
			};
			buildConfigurationList = A75489801FBC4F2900359C0C /* Build configuration list for PBXProject "Newsman" */;
			compatibilityVersion = "Xcode 8.0";
			developmentRegion = en;
			hasScannedForEncodings = 0;
			knownRegions = (
				en,
				Base,
			);
			mainGroup = A754897C1FBC4F2900359C0C;
			productRefGroup = A75489861FBC4F2900359C0C /* Products */;
			projectDirPath = "";
			projectRoot = "";
			targets = (
				A75489841FBC4F2900359C0C /* Newsman */,
				A754899B1FBC4F2900359C0C /* NewsmanTests */,
				A75489A61FBC4F2900359C0C /* NewsmanUITests */,
			);
		};
/* End PBXProject section */

/* Begin PBXResourcesBuildPhase section */
		A75489831FBC4F2900359C0C /* Resources */ = {
			isa = PBXResourcesBuildPhase;
			buildActionMask = 2147483647;
			files = (
				A71C85981FBD9587000F2DD9 /* Main.storyboard in Resources */,
				A75489961FBC4F2900359C0C /* LaunchScreen.storyboard in Resources */,
				A75489931FBC4F2900359C0C /* Assets.xcassets in Resources */,
			);
			runOnlyForDeploymentPostprocessing = 0;
		};
		A754899A1FBC4F2900359C0C /* Resources */ = {
			isa = PBXResourcesBuildPhase;
			buildActionMask = 2147483647;
			files = (
			);
			runOnlyForDeploymentPostprocessing = 0;
		};
		A75489A51FBC4F2900359C0C /* Resources */ = {
			isa = PBXResourcesBuildPhase;
			buildActionMask = 2147483647;
			files = (
			);
			runOnlyForDeploymentPostprocessing = 0;
		};
/* End PBXResourcesBuildPhase section */

/* Begin PBXSourcesBuildPhase section */
		A75489811FBC4F2900359C0C /* Sources */ = {
			isa = PBXSourcesBuildPhase;
			buildActionMask = 2147483647;
			files = (
				A71C85E71FBED634000F2DD9 /* SnippetsViewController.swift in Sources */,
				A71C85B81FBE0D52000F2DD9 /* BaseSnippet+CoreDataProperties.swift in Sources */,
				A71C85EB1FBED786000F2DD9 /* MainMenuItems.swift in Sources */,
				A71C85BC1FBE192D000F2DD9 /* TextSnippet+CoreDataProperties.swift in Sources */,
				A71C85CA1FBE19F3000F2DD9 /* VideoSnippet+CoreDataProperties.swift in Sources */,
				A7330F101FC09FCB00D8EBC9 /* SnippetsTableViewDelegate.swift in Sources */,
				A754898B1FBC4F2900359C0C /* MainViewController.swift in Sources */,
				A75489BE1FBC649000359C0C /* MainViewDataSource.swift in Sources */,
				A71C85B71FBE0D52000F2DD9 /* BaseSnippet+CoreDataClass.swift in Sources */,
				A71C85C01FBE1972000F2DD9 /* Report+CoreDataProperties.swift in Sources */,
				A71C85EF1FBF37EA000F2DD9 /* TextSnippetViewController.swift in Sources */,
				A71C85C91FBE19F3000F2DD9 /* VideoSnippet+CoreDataClass.swift in Sources */,
				A75489BC1FBC620300359C0C /* MainViewCell.swift in Sources */,
				A71C85CE1FBE19F3000F2DD9 /* SketchSnippet+CoreDataProperties.swift in Sources */,
				A75489911FBC4F2900359C0C /* Newsman.xcdatamodeld in Sources */,
				A71C85CB1FBE19F3000F2DD9 /* AudioSnippet+CoreDataClass.swift in Sources */,
				A71C85CF1FBE19F3000F2DD9 /* PhotoSnippet+CoreDataClass.swift in Sources */,
				A71C85BB1FBE192D000F2DD9 /* TextSnippet+CoreDataClass.swift in Sources */,
				A71C85ED1FBEFCD1000F2DD9 /* SnippetsViewCell.swift in Sources */,
				A75489891FBC4F2900359C0C /* AppDelegate.swift in Sources */,
				A71C85D01FBE19F3000F2DD9 /* PhotoSnippet+CoreDataProperties.swift in Sources */,
				A71C85E91FBED660000F2DD9 /* SnippetsViewDataSource.swift in Sources */,
				A71C85BF1FBE1972000F2DD9 /* Report+CoreDataClass.swift in Sources */,
				A71C85CC1FBE19F3000F2DD9 /* AudioSnippet+CoreDataProperties.swift in Sources */,
				A71C85CD1FBE19F3000F2DD9 /* SketchSnippet+CoreDataClass.swift in Sources */,
			);
			runOnlyForDeploymentPostprocessing = 0;
		};
		A75489981FBC4F2900359C0C /* Sources */ = {
			isa = PBXSourcesBuildPhase;
			buildActionMask = 2147483647;
			files = (
				A75489A11FBC4F2900359C0C /* NewsmanTests.swift in Sources */,
			);
			runOnlyForDeploymentPostprocessing = 0;
		};
		A75489A31FBC4F2900359C0C /* Sources */ = {
			isa = PBXSourcesBuildPhase;
			buildActionMask = 2147483647;
			files = (
				A75489AC1FBC4F2900359C0C /* NewsmanUITests.swift in Sources */,
			);
			runOnlyForDeploymentPostprocessing = 0;
		};
/* End PBXSourcesBuildPhase section */

/* Begin PBXTargetDependency section */
		A754899E1FBC4F2900359C0C /* PBXTargetDependency */ = {
			isa = PBXTargetDependency;
			target = A75489841FBC4F2900359C0C /* Newsman */;
			targetProxy = A754899D1FBC4F2900359C0C /* PBXContainerItemProxy */;
		};
		A75489A91FBC4F2900359C0C /* PBXTargetDependency */ = {
			isa = PBXTargetDependency;
			target = A75489841FBC4F2900359C0C /* Newsman */;
			targetProxy = A75489A81FBC4F2900359C0C /* PBXContainerItemProxy */;
		};
/* End PBXTargetDependency section */

/* Begin PBXVariantGroup section */
		A71C85961FBD9587000F2DD9 /* Main.storyboard */ = {
			isa = PBXVariantGroup;
			children = (
				A71C85971FBD9587000F2DD9 /* Base */,
			);
			name = Main.storyboard;
			sourceTree = "<group>";
		};
		A75489941FBC4F2900359C0C /* LaunchScreen.storyboard */ = {
			isa = PBXVariantGroup;
			children = (
				A75489951FBC4F2900359C0C /* Base */,
			);
			name = LaunchScreen.storyboard;
			sourceTree = "<group>";
		};
/* End PBXVariantGroup section */

/* Begin XCBuildConfiguration section */
		A75489AE1FBC4F2900359C0C /* Debug */ = {
			isa = XCBuildConfiguration;
			buildSettings = {
				ALWAYS_SEARCH_USER_PATHS = NO;
				CLANG_ANALYZER_NONNULL = YES;
				CLANG_ANALYZER_NUMBER_OBJECT_CONVERSION = YES_AGGRESSIVE;
				CLANG_CXX_LANGUAGE_STANDARD = "gnu++14";
				CLANG_CXX_LIBRARY = "libc++";
				CLANG_ENABLE_MODULES = YES;
				CLANG_ENABLE_OBJC_ARC = YES;
				CLANG_WARN_BLOCK_CAPTURE_AUTORELEASING = YES;
				CLANG_WARN_BOOL_CONVERSION = YES;
				CLANG_WARN_COMMA = YES;
				CLANG_WARN_CONSTANT_CONVERSION = YES;
				CLANG_WARN_DIRECT_OBJC_ISA_USAGE = YES_ERROR;
				CLANG_WARN_DOCUMENTATION_COMMENTS = YES;
				CLANG_WARN_EMPTY_BODY = YES;
				CLANG_WARN_ENUM_CONVERSION = YES;
				CLANG_WARN_INFINITE_RECURSION = YES;
				CLANG_WARN_INT_CONVERSION = YES;
				CLANG_WARN_NON_LITERAL_NULL_CONVERSION = YES;
				CLANG_WARN_OBJC_LITERAL_CONVERSION = YES;
				CLANG_WARN_OBJC_ROOT_CLASS = YES_ERROR;
				CLANG_WARN_RANGE_LOOP_ANALYSIS = YES;
				CLANG_WARN_STRICT_PROTOTYPES = YES;
				CLANG_WARN_SUSPICIOUS_MOVE = YES;
				CLANG_WARN_UNGUARDED_AVAILABILITY = YES_AGGRESSIVE;
				CLANG_WARN_UNREACHABLE_CODE = YES;
				CLANG_WARN__DUPLICATE_METHOD_MATCH = YES;
				CODE_SIGN_IDENTITY = "iPhone Developer";
				COPY_PHASE_STRIP = NO;
				DEBUG_INFORMATION_FORMAT = dwarf;
				ENABLE_STRICT_OBJC_MSGSEND = YES;
				ENABLE_TESTABILITY = YES;
				GCC_C_LANGUAGE_STANDARD = gnu11;
				GCC_DYNAMIC_NO_PIC = NO;
				GCC_NO_COMMON_BLOCKS = YES;
				GCC_OPTIMIZATION_LEVEL = 0;
				GCC_PREPROCESSOR_DEFINITIONS = (
					"DEBUG=1",
					"$(inherited)",
				);
				GCC_WARN_64_TO_32_BIT_CONVERSION = YES;
				GCC_WARN_ABOUT_RETURN_TYPE = YES_ERROR;
				GCC_WARN_UNDECLARED_SELECTOR = YES;
				GCC_WARN_UNINITIALIZED_AUTOS = YES_AGGRESSIVE;
				GCC_WARN_UNUSED_FUNCTION = YES;
				GCC_WARN_UNUSED_VARIABLE = YES;
				IPHONEOS_DEPLOYMENT_TARGET = 11.1;
				MTL_ENABLE_DEBUG_INFO = YES;
				ONLY_ACTIVE_ARCH = YES;
				SDKROOT = iphoneos;
				SWIFT_ACTIVE_COMPILATION_CONDITIONS = DEBUG;
				SWIFT_OPTIMIZATION_LEVEL = "-Onone";
			};
			name = Debug;
		};
		A75489AF1FBC4F2900359C0C /* Release */ = {
			isa = XCBuildConfiguration;
			buildSettings = {
				ALWAYS_SEARCH_USER_PATHS = NO;
				CLANG_ANALYZER_NONNULL = YES;
				CLANG_ANALYZER_NUMBER_OBJECT_CONVERSION = YES_AGGRESSIVE;
				CLANG_CXX_LANGUAGE_STANDARD = "gnu++14";
				CLANG_CXX_LIBRARY = "libc++";
				CLANG_ENABLE_MODULES = YES;
				CLANG_ENABLE_OBJC_ARC = YES;
				CLANG_WARN_BLOCK_CAPTURE_AUTORELEASING = YES;
				CLANG_WARN_BOOL_CONVERSION = YES;
				CLANG_WARN_COMMA = YES;
				CLANG_WARN_CONSTANT_CONVERSION = YES;
				CLANG_WARN_DIRECT_OBJC_ISA_USAGE = YES_ERROR;
				CLANG_WARN_DOCUMENTATION_COMMENTS = YES;
				CLANG_WARN_EMPTY_BODY = YES;
				CLANG_WARN_ENUM_CONVERSION = YES;
				CLANG_WARN_INFINITE_RECURSION = YES;
				CLANG_WARN_INT_CONVERSION = YES;
				CLANG_WARN_NON_LITERAL_NULL_CONVERSION = YES;
				CLANG_WARN_OBJC_LITERAL_CONVERSION = YES;
				CLANG_WARN_OBJC_ROOT_CLASS = YES_ERROR;
				CLANG_WARN_RANGE_LOOP_ANALYSIS = YES;
				CLANG_WARN_STRICT_PROTOTYPES = YES;
				CLANG_WARN_SUSPICIOUS_MOVE = YES;
				CLANG_WARN_UNGUARDED_AVAILABILITY = YES_AGGRESSIVE;
				CLANG_WARN_UNREACHABLE_CODE = YES;
				CLANG_WARN__DUPLICATE_METHOD_MATCH = YES;
				CODE_SIGN_IDENTITY = "iPhone Developer";
				COPY_PHASE_STRIP = NO;
				DEBUG_INFORMATION_FORMAT = "dwarf-with-dsym";
				ENABLE_NS_ASSERTIONS = NO;
				ENABLE_STRICT_OBJC_MSGSEND = YES;
				GCC_C_LANGUAGE_STANDARD = gnu11;
				GCC_NO_COMMON_BLOCKS = YES;
				GCC_WARN_64_TO_32_BIT_CONVERSION = YES;
				GCC_WARN_ABOUT_RETURN_TYPE = YES_ERROR;
				GCC_WARN_UNDECLARED_SELECTOR = YES;
				GCC_WARN_UNINITIALIZED_AUTOS = YES_AGGRESSIVE;
				GCC_WARN_UNUSED_FUNCTION = YES;
				GCC_WARN_UNUSED_VARIABLE = YES;
				IPHONEOS_DEPLOYMENT_TARGET = 11.1;
				MTL_ENABLE_DEBUG_INFO = NO;
				SDKROOT = iphoneos;
				SWIFT_OPTIMIZATION_LEVEL = "-Owholemodule";
				VALIDATE_PRODUCT = YES;
			};
			name = Release;
		};
		A75489B11FBC4F2900359C0C /* Debug */ = {
			isa = XCBuildConfiguration;
			buildSettings = {
				ASSETCATALOG_COMPILER_APPICON_NAME = AppIcon;
				CODE_SIGN_STYLE = Automatic;
				DEVELOPMENT_TEAM = TFWJVRR5ZT;
				INFOPLIST_FILE = Newsman/Info.plist;
				LD_RUNPATH_SEARCH_PATHS = "$(inherited) @executable_path/Frameworks";
				PRODUCT_BUNDLE_IDENTIFIER = exp.Newsman;
				PRODUCT_NAME = "$(TARGET_NAME)";
				SWIFT_VERSION = 4.0;
				TARGETED_DEVICE_FAMILY = "1,2";
			};
			name = Debug;
		};
		A75489B21FBC4F2900359C0C /* Release */ = {
			isa = XCBuildConfiguration;
			buildSettings = {
				ASSETCATALOG_COMPILER_APPICON_NAME = AppIcon;
				CODE_SIGN_STYLE = Automatic;
				DEVELOPMENT_TEAM = TFWJVRR5ZT;
				INFOPLIST_FILE = Newsman/Info.plist;
				LD_RUNPATH_SEARCH_PATHS = "$(inherited) @executable_path/Frameworks";
				PRODUCT_BUNDLE_IDENTIFIER = exp.Newsman;
				PRODUCT_NAME = "$(TARGET_NAME)";
				SWIFT_VERSION = 4.0;
				TARGETED_DEVICE_FAMILY = "1,2";
			};
			name = Release;
		};
		A75489B41FBC4F2900359C0C /* Debug */ = {
			isa = XCBuildConfiguration;
			buildSettings = {
				ALWAYS_EMBED_SWIFT_STANDARD_LIBRARIES = YES;
				BUNDLE_LOADER = "$(TEST_HOST)";
				CODE_SIGN_STYLE = Automatic;
				DEVELOPMENT_TEAM = TFWJVRR5ZT;
				INFOPLIST_FILE = NewsmanTests/Info.plist;
				LD_RUNPATH_SEARCH_PATHS = "$(inherited) @executable_path/Frameworks @loader_path/Frameworks";
				PRODUCT_BUNDLE_IDENTIFIER = exp.NewsmanTests;
				PRODUCT_NAME = "$(TARGET_NAME)";
				SWIFT_VERSION = 4.0;
				TARGETED_DEVICE_FAMILY = "1,2";
				TEST_HOST = "$(BUILT_PRODUCTS_DIR)/Newsman.app/Newsman";
			};
			name = Debug;
		};
		A75489B51FBC4F2900359C0C /* Release */ = {
			isa = XCBuildConfiguration;
			buildSettings = {
				ALWAYS_EMBED_SWIFT_STANDARD_LIBRARIES = YES;
				BUNDLE_LOADER = "$(TEST_HOST)";
				CODE_SIGN_STYLE = Automatic;
				DEVELOPMENT_TEAM = TFWJVRR5ZT;
				INFOPLIST_FILE = NewsmanTests/Info.plist;
				LD_RUNPATH_SEARCH_PATHS = "$(inherited) @executable_path/Frameworks @loader_path/Frameworks";
				PRODUCT_BUNDLE_IDENTIFIER = exp.NewsmanTests;
				PRODUCT_NAME = "$(TARGET_NAME)";
				SWIFT_VERSION = 4.0;
				TARGETED_DEVICE_FAMILY = "1,2";
				TEST_HOST = "$(BUILT_PRODUCTS_DIR)/Newsman.app/Newsman";
			};
			name = Release;
		};
		A75489B71FBC4F2900359C0C /* Debug */ = {
			isa = XCBuildConfiguration;
			buildSettings = {
				ALWAYS_EMBED_SWIFT_STANDARD_LIBRARIES = YES;
				CODE_SIGN_STYLE = Automatic;
				DEVELOPMENT_TEAM = TFWJVRR5ZT;
				INFOPLIST_FILE = NewsmanUITests/Info.plist;
				LD_RUNPATH_SEARCH_PATHS = "$(inherited) @executable_path/Frameworks @loader_path/Frameworks";
				PRODUCT_BUNDLE_IDENTIFIER = exp.NewsmanUITests;
				PRODUCT_NAME = "$(TARGET_NAME)";
				SWIFT_VERSION = 4.0;
				TARGETED_DEVICE_FAMILY = "1,2";
				TEST_TARGET_NAME = Newsman;
			};
			name = Debug;
		};
		A75489B81FBC4F2900359C0C /* Release */ = {
			isa = XCBuildConfiguration;
			buildSettings = {
				ALWAYS_EMBED_SWIFT_STANDARD_LIBRARIES = YES;
				CODE_SIGN_STYLE = Automatic;
				DEVELOPMENT_TEAM = TFWJVRR5ZT;
				INFOPLIST_FILE = NewsmanUITests/Info.plist;
				LD_RUNPATH_SEARCH_PATHS = "$(inherited) @executable_path/Frameworks @loader_path/Frameworks";
				PRODUCT_BUNDLE_IDENTIFIER = exp.NewsmanUITests;
				PRODUCT_NAME = "$(TARGET_NAME)";
				SWIFT_VERSION = 4.0;
				TARGETED_DEVICE_FAMILY = "1,2";
				TEST_TARGET_NAME = Newsman;
			};
			name = Release;
		};
/* End XCBuildConfiguration section */

/* Begin XCConfigurationList section */
		A75489801FBC4F2900359C0C /* Build configuration list for PBXProject "Newsman" */ = {
			isa = XCConfigurationList;
			buildConfigurations = (
				A75489AE1FBC4F2900359C0C /* Debug */,
				A75489AF1FBC4F2900359C0C /* Release */,
			);
			defaultConfigurationIsVisible = 0;
			defaultConfigurationName = Release;
		};
		A75489B01FBC4F2900359C0C /* Build configuration list for PBXNativeTarget "Newsman" */ = {
			isa = XCConfigurationList;
			buildConfigurations = (
				A75489B11FBC4F2900359C0C /* Debug */,
				A75489B21FBC4F2900359C0C /* Release */,
			);
			defaultConfigurationIsVisible = 0;
			defaultConfigurationName = Release;
		};
		A75489B31FBC4F2900359C0C /* Build configuration list for PBXNativeTarget "NewsmanTests" */ = {
			isa = XCConfigurationList;
			buildConfigurations = (
				A75489B41FBC4F2900359C0C /* Debug */,
				A75489B51FBC4F2900359C0C /* Release */,
			);
			defaultConfigurationIsVisible = 0;
			defaultConfigurationName = Release;
		};
		A75489B61FBC4F2900359C0C /* Build configuration list for PBXNativeTarget "NewsmanUITests" */ = {
			isa = XCConfigurationList;
			buildConfigurations = (
				A75489B71FBC4F2900359C0C /* Debug */,
				A75489B81FBC4F2900359C0C /* Release */,
			);
			defaultConfigurationIsVisible = 0;
			defaultConfigurationName = Release;
		};
/* End XCConfigurationList section */

/* Begin XCVersionGroup section */
		A754898F1FBC4F2900359C0C /* Newsman.xcdatamodeld */ = {
			isa = XCVersionGroup;
			children = (
				A75489901FBC4F2900359C0C /* Newsman.xcdatamodel */,
			);
			currentVersion = A75489901FBC4F2900359C0C /* Newsman.xcdatamodel */;
			path = Newsman.xcdatamodeld;
			sourceTree = "<group>";
			versionGroupType = wrapper.xcdatamodel;
		};
/* End XCVersionGroup section */
	};
	rootObject = A754897D1FBC4F2900359C0C /* Project object */;
}
