// !$*UTF8*$!
{
	archiveVersion = 1;
	classes = {
	};
	objectVersion = 48;
	objects = {

/* Begin PBXBuildFile section */
		A7018EF31FCF32C500E9ADAF /* Photo Snippet CV Delegate.swift in Sources */ = {isa = PBXBuildFile; fileRef = A7018EF21FCF32C500E9ADAF /* Photo Snippet CV Delegate.swift */; };
		A7021CEC2185A7D1009A5F43 /* Snippets TV Header View.swift in Sources */ = {isa = PBXBuildFile; fileRef = A7021CEB2185A7D1009A5F43 /* Snippets TV Header View.swift */; };
		A7021CEE2185A92F009A5F43 /* Snippets TV Footer View.swift in Sources */ = {isa = PBXBuildFile; fileRef = A7021CED2185A92F009A5F43 /* Snippets TV Footer View.swift */; };
		A7021CF021863227009A5F43 /* Snippets TV Supplemetary Views.swift in Sources */ = {isa = PBXBuildFile; fileRef = A7021CEF21863227009A5F43 /* Snippets TV Supplemetary Views.swift */; };
		A704264F1FDA87CA000B3400 /* Photo Item Wrapper.swift in Sources */ = {isa = PBXBuildFile; fileRef = A704264E1FDA87CA000B3400 /* Photo Item Wrapper.swift */; };
		A70B2AA520DA9FED003AD4B5 /* Snippets VC Restoration.swift in Sources */ = {isa = PBXBuildFile; fileRef = A70B2AA420DA9FED003AD4B5 /* Snippets VC Restoration.swift */; };
		A711C0E3217C86040025C973 /* AudioSnippet+CoreDataProperties.swift in Sources */ = {isa = PBXBuildFile; fileRef = A711C0E2217C86040025C973 /* AudioSnippet+CoreDataProperties.swift */; };
		A711C0EB2180779E0025C973 /* Snippets Factory.swift in Sources */ = {isa = PBXBuildFile; fileRef = A711C0EA2180779E0025C973 /* Snippets Factory.swift */; };
		A711C0ED2181C40A0025C973 /* Localized Global Strings.swift in Sources */ = {isa = PBXBuildFile; fileRef = A711C0EC2181C40A0025C973 /* Localized Global Strings.swift */; };
		A711C0EF2183167C0025C973 /* Snippets Special Enums, Structs.swift in Sources */ = {isa = PBXBuildFile; fileRef = A711C0EE2183167C0025C973 /* Snippets Special Enums, Structs.swift */; };
		A711C0F1218318800025C973 /* Photo Snippet Special Enums.swift in Sources */ = {isa = PBXBuildFile; fileRef = A711C0F0218318800025C973 /* Photo Snippet Special Enums.swift */; };
		A711C10821839D4D0025C973 /* ZoomCollectionViewCell.xib in Resources */ = {isa = PBXBuildFile; fileRef = A711C10A21839D4D0025C973 /* ZoomCollectionViewCell.xib */; };
		A71715C8201F86BA00112FFF /* Photo Snippet CV D&D Delegate.swift in Sources */ = {isa = PBXBuildFile; fileRef = A71715C7201F86BA00112FFF /* Photo Snippet CV D&D Delegate.swift */; };
		A71715DD2024E8BA00112FFF /* Snippets D&D Delegate.swift in Sources */ = {isa = PBXBuildFile; fileRef = A71715DC2024E8BA00112FFF /* Snippets D&D Delegate.swift */; };
		A71C85B71FBE0D52000F2DD9 /* BaseSnippet+CoreDataClass.swift in Sources */ = {isa = PBXBuildFile; fileRef = A71C85B51FBE0D52000F2DD9 /* BaseSnippet+CoreDataClass.swift */; };
		A71C85B81FBE0D52000F2DD9 /* BaseSnippet+CoreDataProperties.swift in Sources */ = {isa = PBXBuildFile; fileRef = A71C85B61FBE0D52000F2DD9 /* BaseSnippet+CoreDataProperties.swift */; };
		A71C85BB1FBE192D000F2DD9 /* TextSnippet+CoreDataClass.swift in Sources */ = {isa = PBXBuildFile; fileRef = A71C85B91FBE192D000F2DD9 /* TextSnippet+CoreDataClass.swift */; };
		A71C85BC1FBE192D000F2DD9 /* TextSnippet+CoreDataProperties.swift in Sources */ = {isa = PBXBuildFile; fileRef = A71C85BA1FBE192D000F2DD9 /* TextSnippet+CoreDataProperties.swift */; };
		A71C85BF1FBE1972000F2DD9 /* Report+CoreDataClass.swift in Sources */ = {isa = PBXBuildFile; fileRef = A71C85BD1FBE1972000F2DD9 /* Report+CoreDataClass.swift */; };
		A71C85C01FBE1972000F2DD9 /* Report+CoreDataProperties.swift in Sources */ = {isa = PBXBuildFile; fileRef = A71C85BE1FBE1972000F2DD9 /* Report+CoreDataProperties.swift */; };
		A71C85C91FBE19F3000F2DD9 /* VideoSnippet+CoreDataClass.swift in Sources */ = {isa = PBXBuildFile; fileRef = A71C85C11FBE19F3000F2DD9 /* VideoSnippet+CoreDataClass.swift */; };
		A71C85CA1FBE19F3000F2DD9 /* VideoSnippet+CoreDataProperties.swift in Sources */ = {isa = PBXBuildFile; fileRef = A71C85C21FBE19F3000F2DD9 /* VideoSnippet+CoreDataProperties.swift */; };
		A71C85CB1FBE19F3000F2DD9 /* AudioSnippet+CoreDataClass.swift in Sources */ = {isa = PBXBuildFile; fileRef = A71C85C31FBE19F3000F2DD9 /* AudioSnippet+CoreDataClass.swift */; };
		A71C85CD1FBE19F3000F2DD9 /* SketchSnippet+CoreDataClass.swift in Sources */ = {isa = PBXBuildFile; fileRef = A71C85C51FBE19F3000F2DD9 /* SketchSnippet+CoreDataClass.swift */; };
		A71C85CE1FBE19F3000F2DD9 /* SketchSnippet+CoreDataProperties.swift in Sources */ = {isa = PBXBuildFile; fileRef = A71C85C61FBE19F3000F2DD9 /* SketchSnippet+CoreDataProperties.swift */; };
		A71C85E71FBED634000F2DD9 /* Snippets VC.swift in Sources */ = {isa = PBXBuildFile; fileRef = A71C85E61FBED634000F2DD9 /* Snippets VC.swift */; };
		A71C85E91FBED660000F2DD9 /* Snippets View DS.swift in Sources */ = {isa = PBXBuildFile; fileRef = A71C85E81FBED660000F2DD9 /* Snippets View DS.swift */; };
		A71C85EB1FBED786000F2DD9 /* MainMenuItems.swift in Sources */ = {isa = PBXBuildFile; fileRef = A71C85EA1FBED786000F2DD9 /* MainMenuItems.swift */; };
		A71C85ED1FBEFCD1000F2DD9 /* Snippets View Cell.swift in Sources */ = {isa = PBXBuildFile; fileRef = A71C85EC1FBEFCD1000F2DD9 /* Snippets View Cell.swift */; };
		A71C85EF1FBF37EA000F2DD9 /* TextSnippetViewController.swift in Sources */ = {isa = PBXBuildFile; fileRef = A71C85EE1FBF37EA000F2DD9 /* TextSnippetViewController.swift */; };
		A71CE632213A971300497A60 /* Snippet Preview Images Provider.swift in Sources */ = {isa = PBXBuildFile; fileRef = A71CE631213A971300497A60 /* Snippet Preview Images Provider.swift */; };
		A71CE634213AA21700497A60 /* Text Snippet Preview Provider.swift in Sources */ = {isa = PBXBuildFile; fileRef = A71CE633213AA21700497A60 /* Text Snippet Preview Provider.swift */; };
		A71EDA672063D00D00E6AB7A /* UIImage Extensions.swift in Sources */ = {isa = PBXBuildFile; fileRef = A71EDA662063D00D00E6AB7A /* UIImage Extensions.swift */; };
		A71EDA692063D0E900E6AB7A /* Photo Folder Item Wrapper.swift in Sources */ = {isa = PBXBuildFile; fileRef = A71EDA682063D0E900E6AB7A /* Photo Folder Item Wrapper.swift */; };
		A71EDA6B2063D44800E6AB7A /* Zoom View CV D&D Delegate.swift in Sources */ = {isa = PBXBuildFile; fileRef = A71EDA6A2063D44800E6AB7A /* Zoom View CV D&D Delegate.swift */; };
		A7298E152015E9A000A7301D /* CoreData.framework in Frameworks */ = {isa = PBXBuildFile; fileRef = A7298E142015E9A000A7301D /* CoreData.framework */; };
		A72B3EAC205838C700C02B52 /* Zoom View CV Cell.swift in Sources */ = {isa = PBXBuildFile; fileRef = A72B3EAB205838C700C02B52 /* Zoom View CV Cell.swift */; };
		A72B3EAE2058419000C02B52 /* Zoom View.swift in Sources */ = {isa = PBXBuildFile; fileRef = A72B3EAD2058419000C02B52 /* Zoom View.swift */; };
		A7304A9A1FCAF9E400207A52 /* Photo Snippet VC.swift in Sources */ = {isa = PBXBuildFile; fileRef = A7304A991FCAF9E400207A52 /* Photo Snippet VC.swift */; };
		A7304A9C1FCAFDB700207A52 /* Single Item Cell.swift in Sources */ = {isa = PBXBuildFile; fileRef = A7304A9B1FCAFDB700207A52 /* Single Item Cell.swift */; };
		A7304A9E1FCB0DFD00207A52 /* Photo Picker Delegate.swift in Sources */ = {isa = PBXBuildFile; fileRef = A7304A9D1FCB0DFD00207A52 /* Photo Picker Delegate.swift */; };
		A7304AA01FCB160C00207A52 /* Photo Snippet CV DS.swift in Sources */ = {isa = PBXBuildFile; fileRef = A7304A9F1FCB160C00207A52 /* Photo Snippet CV DS.swift */; };
		A7330F101FC09FCB00D8EBC9 /* Snippets Table View Delegate.swift in Sources */ = {isa = PBXBuildFile; fileRef = A7330F0F1FC09FCB00D8EBC9 /* Snippets Table View Delegate.swift */; };
		A73BDA7921D0F62C007E0416 /* Snippets Representable.swift in Sources */ = {isa = PBXBuildFile; fileRef = A73BDA7821D0F62C007E0416 /* Snippets Representable.swift */; };
		A7400E5F1FC6A37B006F05DC /* Settings+CoreDataClass.swift in Sources */ = {isa = PBXBuildFile; fileRef = A7400E5D1FC6A37B006F05DC /* Settings+CoreDataClass.swift */; };
		A7400E601FC6A37B006F05DC /* Settings+CoreDataProperties.swift in Sources */ = {isa = PBXBuildFile; fileRef = A7400E5E1FC6A37B006F05DC /* Settings+CoreDataProperties.swift */; };
		A7400E751FC731A2006F05DC /* DatePickerViewController.swift in Sources */ = {isa = PBXBuildFile; fileRef = A7400E741FC731A2006F05DC /* DatePickerViewController.swift */; };
		A7400E771FC73305006F05DC /* PriorityPickerViewController.swift in Sources */ = {isa = PBXBuildFile; fileRef = A7400E761FC73305006F05DC /* PriorityPickerViewController.swift */; };
		A7400E791FC96C3E006F05DC /* Snippets CL Delegate.swift in Sources */ = {isa = PBXBuildFile; fileRef = A7400E781FC96C3E006F05DC /* Snippets CL Delegate.swift */; };
		A741BD4A20EBEECD0062AF27 /* Playback Button.swift in Sources */ = {isa = PBXBuildFile; fileRef = A741BD4920EBEECD0062AF27 /* Playback Button.swift */; };
		A741BD6020EE32F80062AF27 /* Video Scrub View.swift in Sources */ = {isa = PBXBuildFile; fileRef = A741BD5F20EE32F80062AF27 /* Video Scrub View.swift */; };
		A741BD6220EF55540062AF27 /* Playback Progress View.swift in Sources */ = {isa = PBXBuildFile; fileRef = A741BD6120EF55540062AF27 /* Playback Progress View.swift */; };
		A7438686219D70C3005ECACD /* AppDelegate D&D.swift in Sources */ = {isa = PBXBuildFile; fileRef = A7438685219D70C3005ECACD /* AppDelegate D&D.swift */; };
		A7443F00202DD3F60039BE41 /* PhotoSnippet+CoreDataProperties.swift in Sources */ = {isa = PBXBuildFile; fileRef = A7443EFC202DD3F60039BE41 /* PhotoSnippet+CoreDataProperties.swift */; };
		A7443F01202DD3F60039BE41 /* PhotoFolder MO.swift in Sources */ = {isa = PBXBuildFile; fileRef = A7443EFD202DD3F60039BE41 /* PhotoFolder MO.swift */; };
		A7443F05202DD7600039BE41 /* Photo MO Properties.swift in Sources */ = {isa = PBXBuildFile; fileRef = A7443F03202DD7600039BE41 /* Photo MO Properties.swift */; };
		A7443F06202DD7600039BE41 /* PhotoFolder MO Properties.swift in Sources */ = {isa = PBXBuildFile; fileRef = A7443F04202DD7600039BE41 /* PhotoFolder MO Properties.swift */; };
		A7443F122035D2F80039BE41 /* Folder Cell.swift in Sources */ = {isa = PBXBuildFile; fileRef = A7443F112035D2F80039BE41 /* Folder Cell.swift */; };
		A7443F14203881790039BE41 /* Flag Items Menu.swift in Sources */ = {isa = PBXBuildFile; fileRef = A7443F13203881790039BE41 /* Flag Items Menu.swift */; };
		A748D8B520F4CD5500DA190A /* Play Icon View.swift in Sources */ = {isa = PBXBuildFile; fileRef = A748D8B420F4CD5500DA190A /* Play Icon View.swift */; };
		A75117F21FE6E5880009F03C /* PhotoSnippet+CoreDataClass.swift in Sources */ = {isa = PBXBuildFile; fileRef = A75117F01FE6E5880009F03C /* PhotoSnippet+CoreDataClass.swift */; };
		A75117F51FF656590009F03C /* Photo Snippet CV.swift in Sources */ = {isa = PBXBuildFile; fileRef = A75117F41FF656590009F03C /* Photo Snippet CV.swift */; };
		A751FC4C218C7FD20088D9C5 /* CG Affine Transform Extension.swift in Sources */ = {isa = PBXBuildFile; fileRef = A751FC4B218C7FD20088D9C5 /* CG Affine Transform Extension.swift */; };
		A75251502146D31E00022F42 /* Snippets Table View FRC.swift in Sources */ = {isa = PBXBuildFile; fileRef = A752514F2146D31E00022F42 /* Snippets Table View FRC.swift */; };
		A75489891FBC4F2900359C0C /* AppDelegate.swift in Sources */ = {isa = PBXBuildFile; fileRef = A75489881FBC4F2900359C0C /* AppDelegate.swift */; };
		A754898B1FBC4F2900359C0C /* MainViewController.swift in Sources */ = {isa = PBXBuildFile; fileRef = A754898A1FBC4F2900359C0C /* MainViewController.swift */; };
		A75489911FBC4F2900359C0C /* Newsman.xcdatamodeld in Sources */ = {isa = PBXBuildFile; fileRef = A754898F1FBC4F2900359C0C /* Newsman.xcdatamodeld */; };
		A75489931FBC4F2900359C0C /* Assets.xcassets in Resources */ = {isa = PBXBuildFile; fileRef = A75489921FBC4F2900359C0C /* Assets.xcassets */; };
		A75489A11FBC4F2900359C0C /* NewsmanTests.swift in Sources */ = {isa = PBXBuildFile; fileRef = A75489A01FBC4F2900359C0C /* NewsmanTests.swift */; };
		A75489AC1FBC4F2900359C0C /* NewsmanUITests.swift in Sources */ = {isa = PBXBuildFile; fileRef = A75489AB1FBC4F2900359C0C /* NewsmanUITests.swift */; };
		A75489BC1FBC620300359C0C /* MainViewCell.swift in Sources */ = {isa = PBXBuildFile; fileRef = A75489BB1FBC620300359C0C /* MainViewCell.swift */; };
		A75489BE1FBC649000359C0C /* MainViewDataSource.swift in Sources */ = {isa = PBXBuildFile; fileRef = A75489BD1FBC649000359C0C /* MainViewDataSource.swift */; };
		A75C0A3120DBAF6D009929B8 /* AppDelegateVCRestoration.swift in Sources */ = {isa = PBXBuildFile; fileRef = A75C0A3020DBAF6D009929B8 /* AppDelegateVCRestoration.swift */; };
		A75C0A3320DBC802009929B8 /* Photo Snippet VC Restoration.swift in Sources */ = {isa = PBXBuildFile; fileRef = A75C0A3220DBC802009929B8 /* Photo Snippet VC Restoration.swift */; };
		A768ED6B21883AAD006AED31 /* Accesorial.storyboard in Resources */ = {isa = PBXBuildFile; fileRef = A768ED6921883AAD006AED31 /* Accesorial.storyboard */; };
		A768ED6E21883AC9006AED31 /* MediaViewControllers.storyboard in Resources */ = {isa = PBXBuildFile; fileRef = A768ED6C21883AC9006AED31 /* MediaViewControllers.storyboard */; };
		A768ED7121883B41006AED31 /* Snippets.storyboard in Resources */ = {isa = PBXBuildFile; fileRef = A768ED6F21883B41006AED31 /* Snippets.storyboard */; };
		A76A2825212AD0620094AA5F /* Photo Item Operations.swift in Sources */ = {isa = PBXBuildFile; fileRef = A76A2824212AD0610094AA5F /* Photo Item Operations.swift */; };
		A77BB205218D9A97000F2E85 /* Main.storyboard in Resources */ = {isa = PBXBuildFile; fileRef = A77BB203218D9A97000F2E85 /* Main.storyboard */; };
		A77C73912194392D00E1C57F /* Snippet Bar Rating View.swift in Sources */ = {isa = PBXBuildFile; fileRef = A77C73902194392D00E1C57F /* Snippet Bar Rating View.swift */; };
		A77F74D1206241600074A915 /* Zoom View CV Delegate.swift in Sources */ = {isa = PBXBuildFile; fileRef = A77F74D0206241600074A915 /* Zoom View CV Delegate.swift */; };
		A77F74D3206242090074A915 /* Zoom View CV DS.swift in Sources */ = {isa = PBXBuildFile; fileRef = A77F74D2206242090074A915 /* Zoom View CV DS.swift */; };
		A77F74D52062446C0074A915 /* Zoom View D&D Delegate.swift in Sources */ = {isa = PBXBuildFile; fileRef = A77F74D42062446C0074A915 /* Zoom View D&D Delegate.swift */; };
		A7826E3120DBF9E400FFBBFA /* PriorityPickerVCRestoration.swift in Sources */ = {isa = PBXBuildFile; fileRef = A7826E3020DBF9E400FFBBFA /* PriorityPickerVCRestoration.swift */; };
		A7826E3320DE311700FFBBFA /* Photo Snippet TF Delegate.swift in Sources */ = {isa = PBXBuildFile; fileRef = A7826E3220DE311700FFBBFA /* Photo Snippet TF Delegate.swift */; };
		A7826E3520DE3FE100FFBBFA /* TextSnippet TF Delegate.swift in Sources */ = {isa = PBXBuildFile; fileRef = A7826E3420DE3FE100FFBBFA /* TextSnippet TF Delegate.swift */; };
		A7826E3720DFD45D00FFBBFA /* NCSnippetsScrollAnimator.swift in Sources */ = {isa = PBXBuildFile; fileRef = A7826E3620DFD45D00FFBBFA /* NCSnippetsScrollAnimator.swift */; };
		A7826E3920DFD48F00FFBBFA /* NCPushPopAnimator.swift in Sources */ = {isa = PBXBuildFile; fileRef = A7826E3820DFD48F00FFBBFA /* NCPushPopAnimator.swift */; };
		A7826E4E20E0ED4F00FFBBFA /* NCSnippetsScrollProtocol.swift in Sources */ = {isa = PBXBuildFile; fileRef = A7826E4D20E0ED4F00FFBBFA /* NCSnippetsScrollProtocol.swift */; };
		A7826E5020E0F6E100FFBBFA /* TextSnippetVCRestoration.swift in Sources */ = {isa = PBXBuildFile; fileRef = A7826E4F20E0F6E100FFBBFA /* TextSnippetVCRestoration.swift */; };
		A7826E5220E2618100FFBBFA /* Video Shooting VC.swift in Sources */ = {isa = PBXBuildFile; fileRef = A7826E5120E2618100FFBBFA /* Video Shooting VC.swift */; };
		A783361F2201F6AD00297BAB /* MAIN CV D&D Delegate.swift in Sources */ = {isa = PBXBuildFile; fileRef = A783361E2201F6AD00297BAB /* MAIN CV D&D Delegate.swift */; };
		A78D9B5C213289290095EEFB /* Photo Snippet Images Provider.swift in Sources */ = {isa = PBXBuildFile; fileRef = A78D9B5B213289290095EEFB /* Photo Snippet Images Provider.swift */; };
		A79548F221E62B4300A37959 /* Thread Safe Map.swift in Sources */ = {isa = PBXBuildFile; fileRef = A79548F121E62B4300A37959 /* Thread Safe Map.swift */; };
		A79548F421E7812A00A37959 /* Photo Cell D&D Waggle Animation.swift in Sources */ = {isa = PBXBuildFile; fileRef = A79548F321E7812A00A37959 /* Photo Cell D&D Waggle Animation.swift */; };
		A79548F621EC98AC00A37959 /* Single Cell D&D Delegate.swift in Sources */ = {isa = PBXBuildFile; fileRef = A79548F521EC98AC00A37959 /* Single Cell D&D Delegate.swift */; };
		A7A15EB021907B1F009877F4 /* Snippet Image View.swift in Sources */ = {isa = PBXBuildFile; fileRef = A7A15EAF21907B1F009877F4 /* Snippet Image View.swift */; };
		A7A72E4C21F622DD003AA849 /* Photo Folder MO Manipulations.swift in Sources */ = {isa = PBXBuildFile; fileRef = A7A72E4B21F622DD003AA849 /* Photo Folder MO Manipulations.swift */; };
		A7A97232217074100061AA07 /* Global Formatters.swift in Sources */ = {isa = PBXBuildFile; fileRef = A7A97231217074100061AA07 /* Global Formatters.swift */; };
		A7AFE5C121F1C48900EBD4C9 /* SCP Video Extension.swift in Sources */ = {isa = PBXBuildFile; fileRef = A7AFE5C021F1C48900EBD4C9 /* SCP Video Extension.swift */; };
		A7AFE5C321F1C57E00EBD4C9 /* SCP Flag Markers Extension.swift in Sources */ = {isa = PBXBuildFile; fileRef = A7AFE5C221F1C57E00EBD4C9 /* SCP Flag Markers Extension.swift */; };
		A7AFE5C521F1C7A500EBD4C9 /* SCP Image Load Extension.swift in Sources */ = {isa = PBXBuildFile; fileRef = A7AFE5C421F1C7A500EBD4C9 /* SCP Image Load Extension.swift */; };
		A7AFE5C821F3870B00EBD4C9 /* Photo MO Manipulations.swift in Sources */ = {isa = PBXBuildFile; fileRef = A7AFE5C721F3870B00EBD4C9 /* Photo MO Manipulations.swift */; };
		A7B2B07D2205BEC400D40008 /* Remove Dependencies Extension.swift in Sources */ = {isa = PBXBuildFile; fileRef = A7B2B07C2205BEC400D40008 /* Remove Dependencies Extension.swift */; };
		A7B2B07F2205BF5500D40008 /* Context Operation.swift in Sources */ = {isa = PBXBuildFile; fileRef = A7B2B07E2205BF5500D40008 /* Context Operation.swift */; };
		A7B2B0812205C25F00D40008 /* Cached Image Operation.swift in Sources */ = {isa = PBXBuildFile; fileRef = A7B2B0802205C25F00D40008 /* Cached Image Operation.swift */; };
		A7B2B0832205C2F100D40008 /* Operation Provider Protocols.swift in Sources */ = {isa = PBXBuildFile; fileRef = A7B2B0822205C2F100D40008 /* Operation Provider Protocols.swift */; };
		A7B2B0852205C5F000D40008 /* Saved Image Operation.swift in Sources */ = {isa = PBXBuildFile; fileRef = A7B2B0842205C5F000D40008 /* Saved Image Operation.swift */; };
		A7B2B0872205CAFD00D40008 /* Render Video Preview Operation.swift in Sources */ = {isa = PBXBuildFile; fileRef = A7B2B0862205CAFD00D40008 /* Render Video Preview Operation.swift */; };
		A7B2B0892205CBB600D40008 /* Thumbnail Image Operation.swift in Sources */ = {isa = PBXBuildFile; fileRef = A7B2B0882205CBB600D40008 /* Thumbnail Image Operation.swift */; };
		A7B2B08B2205CD2700D40008 /* Resize Image Operation.swift in Sources */ = {isa = PBXBuildFile; fileRef = A7B2B08A2205CD2700D40008 /* Resize Image Operation.swift */; };
		A7B2B08D2205CED300D40008 /* Image Set Operation.swift in Sources */ = {isa = PBXBuildFile; fileRef = A7B2B08C2205CED300D40008 /* Image Set Operation.swift */; };
		A7C6A7CF20C8201C005D566A /* Spring Door Animator.swift in Sources */ = {isa = PBXBuildFile; fileRef = A7C6A7CE20C8201C005D566A /* Spring Door Animator.swift */; };
		A7C6A7D120C820BE005D566A /* Rotation Fade Scale Animator.swift in Sources */ = {isa = PBXBuildFile; fileRef = A7C6A7D020C820BE005D566A /* Rotation Fade Scale Animator.swift */; };
		A7C6A7D420C82346005D566A /* Corner Slide Animator.swift in Sources */ = {isa = PBXBuildFile; fileRef = A7C6A7D320C82346005D566A /* Corner Slide Animator.swift */; };
		A7C6A7D620C82611005D566A /* Layer Transitions Animator.swift in Sources */ = {isa = PBXBuildFile; fileRef = A7C6A7D520C82611005D566A /* Layer Transitions Animator.swift */; };
		A7CB13711FD2D5EB00AA7294 /* Localizable.strings in Resources */ = {isa = PBXBuildFile; fileRef = A7CB13731FD2D5EB00AA7294 /* Localizable.strings */; };
		A7D39CF22100C5AC00F80CAA /* Snippet Cell Protocol (SCP).swift in Sources */ = {isa = PBXBuildFile; fileRef = A7D39CF12100C5AC00F80CAA /* Snippet Cell Protocol (SCP).swift */; };
		A7D39CF52100DF7F00F80CAA /* Folder Nested CV Cell.swift in Sources */ = {isa = PBXBuildFile; fileRef = A7D39CF42100DF7F00F80CAA /* Folder Nested CV Cell.swift */; };
		A7D39CF72100E21500F80CAA /* Folder Nested CV DS.swift in Sources */ = {isa = PBXBuildFile; fileRef = A7D39CF62100E21500F80CAA /* Folder Nested CV DS.swift */; };
		A7D39CFA2100E3A000F80CAA /* Folder Nested CV Delegate.swift in Sources */ = {isa = PBXBuildFile; fileRef = A7D39CF92100E3A000F80CAA /* Folder Nested CV Delegate.swift */; };
		A7D39CFC2100EF3700F80CAA /* Item Flag View.swift in Sources */ = {isa = PBXBuildFile; fileRef = A7D39CFB2100EF3700F80CAA /* Item Flag View.swift */; };
		A7D83BBD220F2C460050A0CF /* Drop View Protocol.swift in Sources */ = {isa = PBXBuildFile; fileRef = A7D83BBC220F2C460050A0CF /* Drop View Protocol.swift */; };
		A7D83BBF220F35E20050A0CF /* Folder Cell D&D Delegate.swift in Sources */ = {isa = PBXBuildFile; fileRef = A7D83BBE220F35E20050A0CF /* Folder Cell D&D Delegate.swift */; };
		A7D93C6A206D3743007891ED /* Helpers.swift in Sources */ = {isa = PBXBuildFile; fileRef = A7D93C69206D3743007891ED /* Helpers.swift */; };
		A7DA008B204AB518002C3BA6 /* Photo Drop Item Provider.swift in Sources */ = {isa = PBXBuildFile; fileRef = A7DA008A204AB518002C3BA6 /* Photo Drop Item Provider.swift */; };
		A7DA008D204AB664002C3BA6 /* Photo Item Protocol.swift in Sources */ = {isa = PBXBuildFile; fileRef = A7DA008C204AB664002C3BA6 /* Photo Item Protocol.swift */; };
		A7DD7D8E20A4517E00572A25 /* CloudKit.framework in Frameworks */ = {isa = PBXBuildFile; fileRef = A7DD7D8D20A4517E00572A25 /* CloudKit.framework */; };
		A7E6985220E389CC00BA5B1E /* Video Shooting VC Restoration.swift in Sources */ = {isa = PBXBuildFile; fileRef = A7E6985120E389CC00BA5B1E /* Video Shooting VC Restoration.swift */; };
		A7EB39961FE6A46A00D93E3B /* Photo MO.swift in Sources */ = {isa = PBXBuildFile; fileRef = A7EB39941FE6A46A00D93E3B /* Photo MO.swift */; };
		A7EC89FD20AAEB4E0030D280 /* NCTransitionAnimation.swift in Sources */ = {isa = PBXBuildFile; fileRef = A7EC89FC20AAEB4E0030D280 /* NCTransitionAnimation.swift */; };
		A7EC89FF20AAF0B50030D280 /* NCTransitionsDelegate.swift in Sources */ = {isa = PBXBuildFile; fileRef = A7EC89FE20AAF0B50030D280 /* NCTransitionsDelegate.swift */; };
		A7EC8A0120B0A2B90030D280 /* VC Transitions Delegate.swift in Sources */ = {isa = PBXBuildFile; fileRef = A7EC8A0020B0A2B90030D280 /* VC Transitions Delegate.swift */; };
		A7EF606220EA1CB500FD09A7 /* Video Player View.swift in Sources */ = {isa = PBXBuildFile; fileRef = A7EF606120EA1CB500FD09A7 /* Video Player View.swift */; };
		A7FA2DEE218ECF7E00A2EE8D /* Snippet Cell Animators.swift in Sources */ = {isa = PBXBuildFile; fileRef = A7FA2DED218ECF7E00A2EE8D /* Snippet Cell Animators.swift */; };
		A7FAFFEE20F6294900C5B21D /* Duration Stamp View.swift in Sources */ = {isa = PBXBuildFile; fileRef = A7FAFFED20F6294900C5B21D /* Duration Stamp View.swift */; };
/* End PBXBuildFile section */

/* Begin PBXContainerItemProxy section */
		A754899D1FBC4F2900359C0C /* PBXContainerItemProxy */ = {
			isa = PBXContainerItemProxy;
			containerPortal = A754897D1FBC4F2900359C0C /* Project object */;
			proxyType = 1;
			remoteGlobalIDString = A75489841FBC4F2900359C0C;
			remoteInfo = Newsman;
		};
		A75489A81FBC4F2900359C0C /* PBXContainerItemProxy */ = {
			isa = PBXContainerItemProxy;
			containerPortal = A754897D1FBC4F2900359C0C /* Project object */;
			proxyType = 1;
			remoteGlobalIDString = A75489841FBC4F2900359C0C;
			remoteInfo = Newsman;
		};
/* End PBXContainerItemProxy section */

/* Begin PBXFileReference section */
		A7018EF21FCF32C500E9ADAF /* Photo Snippet CV Delegate.swift */ = {isa = PBXFileReference; lastKnownFileType = sourcecode.swift; path = "Photo Snippet CV Delegate.swift"; sourceTree = "<group>"; };
		A7021CEB2185A7D1009A5F43 /* Snippets TV Header View.swift */ = {isa = PBXFileReference; lastKnownFileType = sourcecode.swift; path = "Snippets TV Header View.swift"; sourceTree = "<group>"; };
		A7021CED2185A92F009A5F43 /* Snippets TV Footer View.swift */ = {isa = PBXFileReference; lastKnownFileType = sourcecode.swift; path = "Snippets TV Footer View.swift"; sourceTree = "<group>"; };
		A7021CEF21863227009A5F43 /* Snippets TV Supplemetary Views.swift */ = {isa = PBXFileReference; lastKnownFileType = sourcecode.swift; path = "Snippets TV Supplemetary Views.swift"; sourceTree = "<group>"; };
		A704264E1FDA87CA000B3400 /* Photo Item Wrapper.swift */ = {isa = PBXFileReference; lastKnownFileType = sourcecode.swift; name = "Photo Item Wrapper.swift"; path = "Newsman/Photo Item Wrapper.swift"; sourceTree = "<group>"; };
		A70B2AA420DA9FED003AD4B5 /* Snippets VC Restoration.swift */ = {isa = PBXFileReference; lastKnownFileType = sourcecode.swift; path = "Snippets VC Restoration.swift"; sourceTree = "<group>"; };
		A711C0E2217C86040025C973 /* AudioSnippet+CoreDataProperties.swift */ = {isa = PBXFileReference; lastKnownFileType = sourcecode.swift; path = "AudioSnippet+CoreDataProperties.swift"; sourceTree = "<group>"; };
		A711C0EA2180779E0025C973 /* Snippets Factory.swift */ = {isa = PBXFileReference; lastKnownFileType = sourcecode.swift; path = "Snippets Factory.swift"; sourceTree = "<group>"; };
		A711C0EC2181C40A0025C973 /* Localized Global Strings.swift */ = {isa = PBXFileReference; lastKnownFileType = sourcecode.swift; path = "Localized Global Strings.swift"; sourceTree = "<group>"; };
		A711C0EE2183167C0025C973 /* Snippets Special Enums, Structs.swift */ = {isa = PBXFileReference; lastKnownFileType = sourcecode.swift; path = "Snippets Special Enums, Structs.swift"; sourceTree = "<group>"; };
		A711C0F0218318800025C973 /* Photo Snippet Special Enums.swift */ = {isa = PBXFileReference; lastKnownFileType = sourcecode.swift; path = "Photo Snippet Special Enums.swift"; sourceTree = "<group>"; };
		A711C0F7218399AC0025C973 /* de */ = {isa = PBXFileReference; lastKnownFileType = text.plist.strings; name = de; path = de.lproj/Localizable.strings; sourceTree = "<group>"; };
		A711C10921839D4D0025C973 /* Base */ = {isa = PBXFileReference; lastKnownFileType = file.xib; name = Base; path = Base.lproj/ZoomCollectionViewCell.xib; sourceTree = "<group>"; };
		A711C10C21839D510025C973 /* en */ = {isa = PBXFileReference; lastKnownFileType = text.plist.strings; name = en; path = en.lproj/ZoomCollectionViewCell.strings; sourceTree = "<group>"; };
		A711C10E21839D530025C973 /* ru */ = {isa = PBXFileReference; lastKnownFileType = text.plist.strings; name = ru; path = ru.lproj/ZoomCollectionViewCell.strings; sourceTree = "<group>"; };
		A711C11021839D550025C973 /* de */ = {isa = PBXFileReference; lastKnownFileType = text.plist.strings; name = de; path = de.lproj/ZoomCollectionViewCell.strings; sourceTree = "<group>"; };
		A711C11621839F100025C973 /* fr */ = {isa = PBXFileReference; lastKnownFileType = text.plist.strings; name = fr; path = fr.lproj/ZoomCollectionViewCell.strings; sourceTree = "<group>"; };
		A711C11721839F110025C973 /* fr */ = {isa = PBXFileReference; lastKnownFileType = text.plist.strings; name = fr; path = fr.lproj/Localizable.strings; sourceTree = "<group>"; };
		A711C11D21839F1C0025C973 /* es */ = {isa = PBXFileReference; lastKnownFileType = text.plist.strings; name = es; path = es.lproj/ZoomCollectionViewCell.strings; sourceTree = "<group>"; };
		A711C11E21839F1D0025C973 /* es */ = {isa = PBXFileReference; lastKnownFileType = text.plist.strings; name = es; path = es.lproj/Localizable.strings; sourceTree = "<group>"; };
		A71715C7201F86BA00112FFF /* Photo Snippet CV D&D Delegate.swift */ = {isa = PBXFileReference; lastKnownFileType = sourcecode.swift; path = "Photo Snippet CV D&D Delegate.swift"; sourceTree = "<group>"; };
		A71715DC2024E8BA00112FFF /* Snippets D&D Delegate.swift */ = {isa = PBXFileReference; lastKnownFileType = sourcecode.swift; path = "Snippets D&D Delegate.swift"; sourceTree = "<group>"; };
		A71C85B51FBE0D52000F2DD9 /* BaseSnippet+CoreDataClass.swift */ = {isa = PBXFileReference; lastKnownFileType = sourcecode.swift; path = "BaseSnippet+CoreDataClass.swift"; sourceTree = "<group>"; };
		A71C85B61FBE0D52000F2DD9 /* BaseSnippet+CoreDataProperties.swift */ = {isa = PBXFileReference; lastKnownFileType = sourcecode.swift; path = "BaseSnippet+CoreDataProperties.swift"; sourceTree = "<group>"; };
		A71C85B91FBE192D000F2DD9 /* TextSnippet+CoreDataClass.swift */ = {isa = PBXFileReference; lastKnownFileType = sourcecode.swift; path = "TextSnippet+CoreDataClass.swift"; sourceTree = "<group>"; };
		A71C85BA1FBE192D000F2DD9 /* TextSnippet+CoreDataProperties.swift */ = {isa = PBXFileReference; lastKnownFileType = sourcecode.swift; path = "TextSnippet+CoreDataProperties.swift"; sourceTree = "<group>"; };
		A71C85BD1FBE1972000F2DD9 /* Report+CoreDataClass.swift */ = {isa = PBXFileReference; lastKnownFileType = sourcecode.swift; path = "Report+CoreDataClass.swift"; sourceTree = "<group>"; };
		A71C85BE1FBE1972000F2DD9 /* Report+CoreDataProperties.swift */ = {isa = PBXFileReference; lastKnownFileType = sourcecode.swift; path = "Report+CoreDataProperties.swift"; sourceTree = "<group>"; };
		A71C85C11FBE19F3000F2DD9 /* VideoSnippet+CoreDataClass.swift */ = {isa = PBXFileReference; lastKnownFileType = sourcecode.swift; path = "VideoSnippet+CoreDataClass.swift"; sourceTree = "<group>"; };
		A71C85C21FBE19F3000F2DD9 /* VideoSnippet+CoreDataProperties.swift */ = {isa = PBXFileReference; lastKnownFileType = sourcecode.swift; path = "VideoSnippet+CoreDataProperties.swift"; sourceTree = "<group>"; };
		A71C85C31FBE19F3000F2DD9 /* AudioSnippet+CoreDataClass.swift */ = {isa = PBXFileReference; lastKnownFileType = sourcecode.swift; path = "AudioSnippet+CoreDataClass.swift"; sourceTree = "<group>"; };
		A71C85C51FBE19F3000F2DD9 /* SketchSnippet+CoreDataClass.swift */ = {isa = PBXFileReference; lastKnownFileType = sourcecode.swift; path = "SketchSnippet+CoreDataClass.swift"; sourceTree = "<group>"; };
		A71C85C61FBE19F3000F2DD9 /* SketchSnippet+CoreDataProperties.swift */ = {isa = PBXFileReference; lastKnownFileType = sourcecode.swift; path = "SketchSnippet+CoreDataProperties.swift"; sourceTree = "<group>"; };
		A71C85E61FBED634000F2DD9 /* Snippets VC.swift */ = {isa = PBXFileReference; lastKnownFileType = sourcecode.swift; path = "Snippets VC.swift"; sourceTree = "<group>"; };
		A71C85E81FBED660000F2DD9 /* Snippets View DS.swift */ = {isa = PBXFileReference; lastKnownFileType = sourcecode.swift; path = "Snippets View DS.swift"; sourceTree = "<group>"; xcLanguageSpecificationIdentifier = xcode.lang.swift; };
		A71C85EA1FBED786000F2DD9 /* MainMenuItems.swift */ = {isa = PBXFileReference; lastKnownFileType = sourcecode.swift; path = MainMenuItems.swift; sourceTree = "<group>"; };
		A71C85EC1FBEFCD1000F2DD9 /* Snippets View Cell.swift */ = {isa = PBXFileReference; lastKnownFileType = sourcecode.swift; path = "Snippets View Cell.swift"; sourceTree = "<group>"; };
		A71C85EE1FBF37EA000F2DD9 /* TextSnippetViewController.swift */ = {isa = PBXFileReference; lastKnownFileType = sourcecode.swift; path = TextSnippetViewController.swift; sourceTree = "<group>"; };
		A71CE631213A971300497A60 /* Snippet Preview Images Provider.swift */ = {isa = PBXFileReference; lastKnownFileType = sourcecode.swift; path = "Snippet Preview Images Provider.swift"; sourceTree = "<group>"; };
		A71CE633213AA21700497A60 /* Text Snippet Preview Provider.swift */ = {isa = PBXFileReference; lastKnownFileType = sourcecode.swift; path = "Text Snippet Preview Provider.swift"; sourceTree = "<group>"; };
		A71EDA662063D00D00E6AB7A /* UIImage Extensions.swift */ = {isa = PBXFileReference; lastKnownFileType = sourcecode.swift; path = "UIImage Extensions.swift"; sourceTree = "<group>"; };
		A71EDA682063D0E900E6AB7A /* Photo Folder Item Wrapper.swift */ = {isa = PBXFileReference; lastKnownFileType = sourcecode.swift; name = "Photo Folder Item Wrapper.swift"; path = "Newsman/Photo Folder Item Wrapper.swift"; sourceTree = "<group>"; };
		A71EDA6A2063D44800E6AB7A /* Zoom View CV D&D Delegate.swift */ = {isa = PBXFileReference; lastKnownFileType = sourcecode.swift; path = "Zoom View CV D&D Delegate.swift"; sourceTree = "<group>"; };
		A7298E142015E9A000A7301D /* CoreData.framework */ = {isa = PBXFileReference; lastKnownFileType = wrapper.framework; name = CoreData.framework; path = System/Library/Frameworks/CoreData.framework; sourceTree = SDKROOT; };
		A72B3EAB205838C700C02B52 /* Zoom View CV Cell.swift */ = {isa = PBXFileReference; lastKnownFileType = sourcecode.swift; path = "Zoom View CV Cell.swift"; sourceTree = "<group>"; };
		A72B3EAD2058419000C02B52 /* Zoom View.swift */ = {isa = PBXFileReference; lastKnownFileType = sourcecode.swift; path = "Zoom View.swift"; sourceTree = "<group>"; };
		A7304A991FCAF9E400207A52 /* Photo Snippet VC.swift */ = {isa = PBXFileReference; lastKnownFileType = sourcecode.swift; path = "Photo Snippet VC.swift"; sourceTree = "<group>"; };
		A7304A9B1FCAFDB700207A52 /* Single Item Cell.swift */ = {isa = PBXFileReference; lastKnownFileType = sourcecode.swift; path = "Single Item Cell.swift"; sourceTree = "<group>"; };
		A7304A9D1FCB0DFD00207A52 /* Photo Picker Delegate.swift */ = {isa = PBXFileReference; lastKnownFileType = sourcecode.swift; path = "Photo Picker Delegate.swift"; sourceTree = "<group>"; };
		A7304A9F1FCB160C00207A52 /* Photo Snippet CV DS.swift */ = {isa = PBXFileReference; lastKnownFileType = sourcecode.swift; path = "Photo Snippet CV DS.swift"; sourceTree = "<group>"; };
		A7317B072015EA4100C8836A /* Newsman.entitlements */ = {isa = PBXFileReference; lastKnownFileType = text.plist.entitlements; path = Newsman.entitlements; sourceTree = "<group>"; };
		A7330F0F1FC09FCB00D8EBC9 /* Snippets Table View Delegate.swift */ = {isa = PBXFileReference; lastKnownFileType = sourcecode.swift; path = "Snippets Table View Delegate.swift"; sourceTree = "<group>"; };
		A73BDA7821D0F62C007E0416 /* Snippets Representable.swift */ = {isa = PBXFileReference; lastKnownFileType = sourcecode.swift; path = "Snippets Representable.swift"; sourceTree = "<group>"; };
		A7400E5D1FC6A37B006F05DC /* Settings+CoreDataClass.swift */ = {isa = PBXFileReference; lastKnownFileType = sourcecode.swift; path = "Settings+CoreDataClass.swift"; sourceTree = "<group>"; };
		A7400E5E1FC6A37B006F05DC /* Settings+CoreDataProperties.swift */ = {isa = PBXFileReference; lastKnownFileType = sourcecode.swift; path = "Settings+CoreDataProperties.swift"; sourceTree = "<group>"; };
		A7400E741FC731A2006F05DC /* DatePickerViewController.swift */ = {isa = PBXFileReference; lastKnownFileType = sourcecode.swift; path = DatePickerViewController.swift; sourceTree = "<group>"; };
		A7400E761FC73305006F05DC /* PriorityPickerViewController.swift */ = {isa = PBXFileReference; lastKnownFileType = sourcecode.swift; path = PriorityPickerViewController.swift; sourceTree = "<group>"; };
		A7400E781FC96C3E006F05DC /* Snippets CL Delegate.swift */ = {isa = PBXFileReference; lastKnownFileType = sourcecode.swift; path = "Snippets CL Delegate.swift"; sourceTree = "<group>"; };
		A741BD4920EBEECD0062AF27 /* Playback Button.swift */ = {isa = PBXFileReference; lastKnownFileType = sourcecode.swift; path = "Playback Button.swift"; sourceTree = "<group>"; };
		A741BD5F20EE32F80062AF27 /* Video Scrub View.swift */ = {isa = PBXFileReference; lastKnownFileType = sourcecode.swift; path = "Video Scrub View.swift"; sourceTree = "<group>"; };
		A741BD6120EF55540062AF27 /* Playback Progress View.swift */ = {isa = PBXFileReference; lastKnownFileType = sourcecode.swift; path = "Playback Progress View.swift"; sourceTree = "<group>"; };
		A7438685219D70C3005ECACD /* AppDelegate D&D.swift */ = {isa = PBXFileReference; lastKnownFileType = sourcecode.swift; path = "AppDelegate D&D.swift"; sourceTree = "<group>"; };
		A7443EFC202DD3F60039BE41 /* PhotoSnippet+CoreDataProperties.swift */ = {isa = PBXFileReference; lastKnownFileType = sourcecode.swift; path = "PhotoSnippet+CoreDataProperties.swift"; sourceTree = "<group>"; };
		A7443EFD202DD3F60039BE41 /* PhotoFolder MO.swift */ = {isa = PBXFileReference; lastKnownFileType = sourcecode.swift; path = "PhotoFolder MO.swift"; sourceTree = "<group>"; };
		A7443F03202DD7600039BE41 /* Photo MO Properties.swift */ = {isa = PBXFileReference; lastKnownFileType = sourcecode.swift; path = "Photo MO Properties.swift"; sourceTree = "<group>"; };
		A7443F04202DD7600039BE41 /* PhotoFolder MO Properties.swift */ = {isa = PBXFileReference; lastKnownFileType = sourcecode.swift; path = "PhotoFolder MO Properties.swift"; sourceTree = "<group>"; };
		A7443F112035D2F80039BE41 /* Folder Cell.swift */ = {isa = PBXFileReference; lastKnownFileType = sourcecode.swift; path = "Folder Cell.swift"; sourceTree = "<group>"; };
		A7443F13203881790039BE41 /* Flag Items Menu.swift */ = {isa = PBXFileReference; lastKnownFileType = sourcecode.swift; path = "Flag Items Menu.swift"; sourceTree = "<group>"; };
		A748D8B420F4CD5500DA190A /* Play Icon View.swift */ = {isa = PBXFileReference; lastKnownFileType = sourcecode.swift; path = "Play Icon View.swift"; sourceTree = "<group>"; };
		A75117F01FE6E5880009F03C /* PhotoSnippet+CoreDataClass.swift */ = {isa = PBXFileReference; lastKnownFileType = sourcecode.swift; path = "PhotoSnippet+CoreDataClass.swift"; sourceTree = "<group>"; };
		A75117F41FF656590009F03C /* Photo Snippet CV.swift */ = {isa = PBXFileReference; lastKnownFileType = sourcecode.swift; path = "Photo Snippet CV.swift"; sourceTree = "<group>"; };
		A751FC4B218C7FD20088D9C5 /* CG Affine Transform Extension.swift */ = {isa = PBXFileReference; lastKnownFileType = sourcecode.swift; path = "CG Affine Transform Extension.swift"; sourceTree = "<group>"; };
		A752514F2146D31E00022F42 /* Snippets Table View FRC.swift */ = {isa = PBXFileReference; lastKnownFileType = sourcecode.swift; path = "Snippets Table View FRC.swift"; sourceTree = "<group>"; };
		A75489851FBC4F2900359C0C /* Newsman.app */ = {isa = PBXFileReference; explicitFileType = wrapper.application; includeInIndex = 0; path = Newsman.app; sourceTree = BUILT_PRODUCTS_DIR; };
		A75489881FBC4F2900359C0C /* AppDelegate.swift */ = {isa = PBXFileReference; lastKnownFileType = sourcecode.swift; path = AppDelegate.swift; sourceTree = "<group>"; };
		A754898A1FBC4F2900359C0C /* MainViewController.swift */ = {isa = PBXFileReference; lastKnownFileType = sourcecode.swift; path = MainViewController.swift; sourceTree = "<group>"; };
		A75489901FBC4F2900359C0C /* Newsman.xcdatamodel */ = {isa = PBXFileReference; lastKnownFileType = wrapper.xcdatamodel; path = Newsman.xcdatamodel; sourceTree = "<group>"; };
		A75489921FBC4F2900359C0C /* Assets.xcassets */ = {isa = PBXFileReference; lastKnownFileType = folder.assetcatalog; path = Assets.xcassets; sourceTree = "<group>"; };
		A75489971FBC4F2900359C0C /* Info.plist */ = {isa = PBXFileReference; lastKnownFileType = text.plist.xml; path = Info.plist; sourceTree = "<group>"; };
		A754899C1FBC4F2900359C0C /* NewsmanTests.xctest */ = {isa = PBXFileReference; explicitFileType = wrapper.cfbundle; includeInIndex = 0; path = NewsmanTests.xctest; sourceTree = BUILT_PRODUCTS_DIR; };
		A75489A01FBC4F2900359C0C /* NewsmanTests.swift */ = {isa = PBXFileReference; lastKnownFileType = sourcecode.swift; path = NewsmanTests.swift; sourceTree = "<group>"; };
		A75489A21FBC4F2900359C0C /* Info.plist */ = {isa = PBXFileReference; lastKnownFileType = text.plist.xml; path = Info.plist; sourceTree = "<group>"; };
		A75489A71FBC4F2900359C0C /* NewsmanUITests.xctest */ = {isa = PBXFileReference; explicitFileType = wrapper.cfbundle; includeInIndex = 0; path = NewsmanUITests.xctest; sourceTree = BUILT_PRODUCTS_DIR; };
		A75489AB1FBC4F2900359C0C /* NewsmanUITests.swift */ = {isa = PBXFileReference; lastKnownFileType = sourcecode.swift; path = NewsmanUITests.swift; sourceTree = "<group>"; };
		A75489AD1FBC4F2900359C0C /* Info.plist */ = {isa = PBXFileReference; lastKnownFileType = text.plist.xml; path = Info.plist; sourceTree = "<group>"; };
		A75489BB1FBC620300359C0C /* MainViewCell.swift */ = {isa = PBXFileReference; lastKnownFileType = sourcecode.swift; path = MainViewCell.swift; sourceTree = "<group>"; };
		A75489BD1FBC649000359C0C /* MainViewDataSource.swift */ = {isa = PBXFileReference; lastKnownFileType = sourcecode.swift; path = MainViewDataSource.swift; sourceTree = "<group>"; };
		A75C0A3020DBAF6D009929B8 /* AppDelegateVCRestoration.swift */ = {isa = PBXFileReference; lastKnownFileType = sourcecode.swift; path = AppDelegateVCRestoration.swift; sourceTree = "<group>"; };
		A75C0A3220DBC802009929B8 /* Photo Snippet VC Restoration.swift */ = {isa = PBXFileReference; lastKnownFileType = sourcecode.swift; path = "Photo Snippet VC Restoration.swift"; sourceTree = "<group>"; };
		A768ED6A21883AAD006AED31 /* Base */ = {isa = PBXFileReference; lastKnownFileType = file.storyboard; name = Base; path = Base.lproj/Accesorial.storyboard; sourceTree = "<group>"; };
		A768ED6D21883AC9006AED31 /* Base */ = {isa = PBXFileReference; lastKnownFileType = file.storyboard; name = Base; path = Base.lproj/MediaViewControllers.storyboard; sourceTree = "<group>"; };
		A768ED7021883B41006AED31 /* Base */ = {isa = PBXFileReference; lastKnownFileType = file.storyboard; name = Base; path = Base.lproj/Snippets.storyboard; sourceTree = "<group>"; };
		A76A2824212AD0610094AA5F /* Photo Item Operations.swift */ = {isa = PBXFileReference; lastKnownFileType = sourcecode.swift; path = "Photo Item Operations.swift"; sourceTree = "<group>"; };
		A77BB204218D9A97000F2E85 /* Base */ = {isa = PBXFileReference; lastKnownFileType = file.storyboard; name = Base; path = Base.lproj/Main.storyboard; sourceTree = "<group>"; };
		A77C73902194392D00E1C57F /* Snippet Bar Rating View.swift */ = {isa = PBXFileReference; lastKnownFileType = sourcecode.swift; path = "Snippet Bar Rating View.swift"; sourceTree = "<group>"; };
		A77F74D0206241600074A915 /* Zoom View CV Delegate.swift */ = {isa = PBXFileReference; lastKnownFileType = sourcecode.swift; path = "Zoom View CV Delegate.swift"; sourceTree = "<group>"; };
		A77F74D2206242090074A915 /* Zoom View CV DS.swift */ = {isa = PBXFileReference; lastKnownFileType = sourcecode.swift; path = "Zoom View CV DS.swift"; sourceTree = "<group>"; };
		A77F74D42062446C0074A915 /* Zoom View D&D Delegate.swift */ = {isa = PBXFileReference; lastKnownFileType = sourcecode.swift; path = "Zoom View D&D Delegate.swift"; sourceTree = "<group>"; };
		A7826E3020DBF9E400FFBBFA /* PriorityPickerVCRestoration.swift */ = {isa = PBXFileReference; lastKnownFileType = sourcecode.swift; path = PriorityPickerVCRestoration.swift; sourceTree = "<group>"; };
		A7826E3220DE311700FFBBFA /* Photo Snippet TF Delegate.swift */ = {isa = PBXFileReference; lastKnownFileType = sourcecode.swift; path = "Photo Snippet TF Delegate.swift"; sourceTree = "<group>"; };
		A7826E3420DE3FE100FFBBFA /* TextSnippet TF Delegate.swift */ = {isa = PBXFileReference; lastKnownFileType = sourcecode.swift; path = "TextSnippet TF Delegate.swift"; sourceTree = "<group>"; };
		A7826E3620DFD45D00FFBBFA /* NCSnippetsScrollAnimator.swift */ = {isa = PBXFileReference; lastKnownFileType = sourcecode.swift; path = NCSnippetsScrollAnimator.swift; sourceTree = "<group>"; };
		A7826E3820DFD48F00FFBBFA /* NCPushPopAnimator.swift */ = {isa = PBXFileReference; lastKnownFileType = sourcecode.swift; path = NCPushPopAnimator.swift; sourceTree = "<group>"; };
		A7826E4D20E0ED4F00FFBBFA /* NCSnippetsScrollProtocol.swift */ = {isa = PBXFileReference; lastKnownFileType = sourcecode.swift; path = NCSnippetsScrollProtocol.swift; sourceTree = "<group>"; };
		A7826E4F20E0F6E100FFBBFA /* TextSnippetVCRestoration.swift */ = {isa = PBXFileReference; fileEncoding = 4; lastKnownFileType = sourcecode.swift; path = TextSnippetVCRestoration.swift; sourceTree = "<group>"; };
		A7826E5120E2618100FFBBFA /* Video Shooting VC.swift */ = {isa = PBXFileReference; lastKnownFileType = sourcecode.swift; path = "Video Shooting VC.swift"; sourceTree = "<group>"; };
		A783361E2201F6AD00297BAB /* MAIN CV D&D Delegate.swift */ = {isa = PBXFileReference; lastKnownFileType = sourcecode.swift; path = "MAIN CV D&D Delegate.swift"; sourceTree = "<group>"; };
		A78D9B5B213289290095EEFB /* Photo Snippet Images Provider.swift */ = {isa = PBXFileReference; lastKnownFileType = sourcecode.swift; path = "Photo Snippet Images Provider.swift"; sourceTree = "<group>"; };
		A79548F121E62B4300A37959 /* Thread Safe Map.swift */ = {isa = PBXFileReference; lastKnownFileType = sourcecode.swift; path = "Thread Safe Map.swift"; sourceTree = "<group>"; };
		A79548F321E7812A00A37959 /* Photo Cell D&D Waggle Animation.swift */ = {isa = PBXFileReference; lastKnownFileType = sourcecode.swift; path = "Photo Cell D&D Waggle Animation.swift"; sourceTree = "<group>"; };
		A79548F521EC98AC00A37959 /* Single Cell D&D Delegate.swift */ = {isa = PBXFileReference; lastKnownFileType = sourcecode.swift; path = "Single Cell D&D Delegate.swift"; sourceTree = "<group>"; };
		A7A15EAF21907B1F009877F4 /* Snippet Image View.swift */ = {isa = PBXFileReference; lastKnownFileType = sourcecode.swift; path = "Snippet Image View.swift"; sourceTree = "<group>"; };
		A7A72E4B21F622DD003AA849 /* Photo Folder MO Manipulations.swift */ = {isa = PBXFileReference; lastKnownFileType = sourcecode.swift; path = "Photo Folder MO Manipulations.swift"; sourceTree = "<group>"; };
		A7A97231217074100061AA07 /* Global Formatters.swift */ = {isa = PBXFileReference; lastKnownFileType = sourcecode.swift; path = "Global Formatters.swift"; sourceTree = "<group>"; };
		A7AFE5C021F1C48900EBD4C9 /* SCP Video Extension.swift */ = {isa = PBXFileReference; lastKnownFileType = sourcecode.swift; path = "SCP Video Extension.swift"; sourceTree = "<group>"; };
		A7AFE5C221F1C57E00EBD4C9 /* SCP Flag Markers Extension.swift */ = {isa = PBXFileReference; lastKnownFileType = sourcecode.swift; path = "SCP Flag Markers Extension.swift"; sourceTree = "<group>"; };
		A7AFE5C421F1C7A500EBD4C9 /* SCP Image Load Extension.swift */ = {isa = PBXFileReference; lastKnownFileType = sourcecode.swift; path = "SCP Image Load Extension.swift"; sourceTree = "<group>"; };
		A7AFE5C721F3870B00EBD4C9 /* Photo MO Manipulations.swift */ = {isa = PBXFileReference; lastKnownFileType = sourcecode.swift; path = "Photo MO Manipulations.swift"; sourceTree = "<group>"; };
		A7B2B07C2205BEC400D40008 /* Remove Dependencies Extension.swift */ = {isa = PBXFileReference; lastKnownFileType = sourcecode.swift; path = "Remove Dependencies Extension.swift"; sourceTree = "<group>"; };
		A7B2B07E2205BF5500D40008 /* Context Operation.swift */ = {isa = PBXFileReference; lastKnownFileType = sourcecode.swift; path = "Context Operation.swift"; sourceTree = "<group>"; };
		A7B2B0802205C25F00D40008 /* Cached Image Operation.swift */ = {isa = PBXFileReference; lastKnownFileType = sourcecode.swift; path = "Cached Image Operation.swift"; sourceTree = "<group>"; };
		A7B2B0822205C2F100D40008 /* Operation Provider Protocols.swift */ = {isa = PBXFileReference; lastKnownFileType = sourcecode.swift; path = "Operation Provider Protocols.swift"; sourceTree = "<group>"; };
		A7B2B0842205C5F000D40008 /* Saved Image Operation.swift */ = {isa = PBXFileReference; lastKnownFileType = sourcecode.swift; path = "Saved Image Operation.swift"; sourceTree = "<group>"; };
		A7B2B0862205CAFD00D40008 /* Render Video Preview Operation.swift */ = {isa = PBXFileReference; lastKnownFileType = sourcecode.swift; path = "Render Video Preview Operation.swift"; sourceTree = "<group>"; };
		A7B2B0882205CBB600D40008 /* Thumbnail Image Operation.swift */ = {isa = PBXFileReference; lastKnownFileType = sourcecode.swift; path = "Thumbnail Image Operation.swift"; sourceTree = "<group>"; };
		A7B2B08A2205CD2700D40008 /* Resize Image Operation.swift */ = {isa = PBXFileReference; lastKnownFileType = sourcecode.swift; path = "Resize Image Operation.swift"; sourceTree = "<group>"; };
		A7B2B08C2205CED300D40008 /* Image Set Operation.swift */ = {isa = PBXFileReference; lastKnownFileType = sourcecode.swift; path = "Image Set Operation.swift"; sourceTree = "<group>"; };
		A7C6A7CE20C8201C005D566A /* Spring Door Animator.swift */ = {isa = PBXFileReference; lastKnownFileType = sourcecode.swift; path = "Spring Door Animator.swift"; sourceTree = "<group>"; };
		A7C6A7D020C820BE005D566A /* Rotation Fade Scale Animator.swift */ = {isa = PBXFileReference; lastKnownFileType = sourcecode.swift; path = "Rotation Fade Scale Animator.swift"; sourceTree = "<group>"; };
		A7C6A7D320C82346005D566A /* Corner Slide Animator.swift */ = {isa = PBXFileReference; lastKnownFileType = sourcecode.swift; path = "Corner Slide Animator.swift"; sourceTree = "<group>"; };
		A7C6A7D520C82611005D566A /* Layer Transitions Animator.swift */ = {isa = PBXFileReference; lastKnownFileType = sourcecode.swift; path = "Layer Transitions Animator.swift"; sourceTree = "<group>"; };
		A7CB13721FD2D5EB00AA7294 /* ru */ = {isa = PBXFileReference; lastKnownFileType = text.plist.strings; name = ru; path = ru.lproj/Localizable.strings; sourceTree = "<group>"; };
		A7CB13741FD2D61200AA7294 /* Base */ = {isa = PBXFileReference; lastKnownFileType = text.plist.strings; name = Base; path = Base.lproj/Localizable.strings; sourceTree = "<group>"; };
		A7CB13751FD2D61400AA7294 /* en */ = {isa = PBXFileReference; lastKnownFileType = text.plist.strings; name = en; path = en.lproj/Localizable.strings; sourceTree = "<group>"; };
		A7D39CF12100C5AC00F80CAA /* Snippet Cell Protocol (SCP).swift */ = {isa = PBXFileReference; lastKnownFileType = sourcecode.swift; path = "Snippet Cell Protocol (SCP).swift"; sourceTree = "<group>"; };
		A7D39CF42100DF7F00F80CAA /* Folder Nested CV Cell.swift */ = {isa = PBXFileReference; lastKnownFileType = sourcecode.swift; path = "Folder Nested CV Cell.swift"; sourceTree = "<group>"; };
		A7D39CF62100E21500F80CAA /* Folder Nested CV DS.swift */ = {isa = PBXFileReference; lastKnownFileType = sourcecode.swift; path = "Folder Nested CV DS.swift"; sourceTree = "<group>"; };
		A7D39CF92100E3A000F80CAA /* Folder Nested CV Delegate.swift */ = {isa = PBXFileReference; lastKnownFileType = sourcecode.swift; path = "Folder Nested CV Delegate.swift"; sourceTree = "<group>"; };
		A7D39CFB2100EF3700F80CAA /* Item Flag View.swift */ = {isa = PBXFileReference; lastKnownFileType = sourcecode.swift; path = "Item Flag View.swift"; sourceTree = "<group>"; };
		A7D83BBC220F2C460050A0CF /* Drop View Protocol.swift */ = {isa = PBXFileReference; lastKnownFileType = sourcecode.swift; path = "Drop View Protocol.swift"; sourceTree = "<group>"; };
		A7D83BBE220F35E20050A0CF /* Folder Cell D&D Delegate.swift */ = {isa = PBXFileReference; lastKnownFileType = sourcecode.swift; path = "Folder Cell D&D Delegate.swift"; sourceTree = "<group>"; };
		A7D93C69206D3743007891ED /* Helpers.swift */ = {isa = PBXFileReference; lastKnownFileType = sourcecode.swift; path = Helpers.swift; sourceTree = "<group>"; };
		A7DA008A204AB518002C3BA6 /* Photo Drop Item Provider.swift */ = {isa = PBXFileReference; lastKnownFileType = sourcecode.swift; path = "Photo Drop Item Provider.swift"; sourceTree = "<group>"; };
		A7DA008C204AB664002C3BA6 /* Photo Item Protocol.swift */ = {isa = PBXFileReference; lastKnownFileType = sourcecode.swift; name = "Photo Item Protocol.swift"; path = "Newsman/Photo Item Protocol.swift"; sourceTree = "<group>"; };
		A7DD7D8D20A4517E00572A25 /* CloudKit.framework */ = {isa = PBXFileReference; lastKnownFileType = wrapper.framework; name = CloudKit.framework; path = System/Library/Frameworks/CloudKit.framework; sourceTree = SDKROOT; };
		A7E6985120E389CC00BA5B1E /* Video Shooting VC Restoration.swift */ = {isa = PBXFileReference; lastKnownFileType = sourcecode.swift; path = "Video Shooting VC Restoration.swift"; sourceTree = "<group>"; };
		A7EB39941FE6A46A00D93E3B /* Photo MO.swift */ = {isa = PBXFileReference; lastKnownFileType = sourcecode.swift; path = "Photo MO.swift"; sourceTree = "<group>"; };
		A7EC89FC20AAEB4E0030D280 /* NCTransitionAnimation.swift */ = {isa = PBXFileReference; lastKnownFileType = sourcecode.swift; path = NCTransitionAnimation.swift; sourceTree = "<group>"; };
		A7EC89FE20AAF0B50030D280 /* NCTransitionsDelegate.swift */ = {isa = PBXFileReference; lastKnownFileType = sourcecode.swift; path = NCTransitionsDelegate.swift; sourceTree = "<group>"; };
		A7EC8A0020B0A2B90030D280 /* VC Transitions Delegate.swift */ = {isa = PBXFileReference; lastKnownFileType = sourcecode.swift; path = "VC Transitions Delegate.swift"; sourceTree = "<group>"; };
		A7EF606120EA1CB500FD09A7 /* Video Player View.swift */ = {isa = PBXFileReference; lastKnownFileType = sourcecode.swift; path = "Video Player View.swift"; sourceTree = "<group>"; };
		A7FA2DED218ECF7E00A2EE8D /* Snippet Cell Animators.swift */ = {isa = PBXFileReference; lastKnownFileType = sourcecode.swift; path = "Snippet Cell Animators.swift"; sourceTree = "<group>"; };
		A7FAFFED20F6294900C5B21D /* Duration Stamp View.swift */ = {isa = PBXFileReference; lastKnownFileType = sourcecode.swift; path = "Duration Stamp View.swift"; sourceTree = "<group>"; };
/* End PBXFileReference section */

/* Begin PBXFrameworksBuildPhase section */
		A75489821FBC4F2900359C0C /* Frameworks */ = {
			isa = PBXFrameworksBuildPhase;
			buildActionMask = 2147483647;
			files = (
				A7298E152015E9A000A7301D /* CoreData.framework in Frameworks */,
				A7DD7D8E20A4517E00572A25 /* CloudKit.framework in Frameworks */,
			);
			runOnlyForDeploymentPostprocessing = 0;
		};
		A75489991FBC4F2900359C0C /* Frameworks */ = {
			isa = PBXFrameworksBuildPhase;
			buildActionMask = 2147483647;
			files = (
			);
			runOnlyForDeploymentPostprocessing = 0;
		};
		A75489A41FBC4F2900359C0C /* Frameworks */ = {
			isa = PBXFrameworksBuildPhase;
			buildActionMask = 2147483647;
			files = (
			);
			runOnlyForDeploymentPostprocessing = 0;
		};
/* End PBXFrameworksBuildPhase section */

/* Begin PBXGroup section */
		A71C85D21FBE228F000F2DD9 /* Core Data Classes */ = {
			isa = PBXGroup;
			children = (
				A754898F1FBC4F2900359C0C /* Newsman.xcdatamodeld */,
				A7D93C69206D3743007891ED /* Helpers.swift */,
				A7443F07202DDB7E0039BE41 /* Photo */,
				A7443F08202DDBCF0039BE41 /* PhotoFolder */,
				A7443F09202DDC130039BE41 /* PhotoSnippet */,
				A7443F0C202DDD0B0039BE41 /* Sketch Snippet */,
				A7443F0B202DDCC70039BE41 /* Settings */,
				A7443F0D202DDD450039BE41 /* AudioSnippet */,
				A7443F0F202DDD900039BE41 /* Report */,
				A7443F10202DDDCC0039BE41 /* VideoSnippet */,
				A7443F0E202DDD700039BE41 /* TextSnippet */,
				A7443F0A202DDC2D0039BE41 /* BaseSnippet (abstract entity) */,
			);
			name = "Core Data Classes";
			sourceTree = "<group>";
		};
		A7298E132015E99F00A7301D /* Frameworks */ = {
			isa = PBXGroup;
			children = (
				A7DD7D8D20A4517E00572A25 /* CloudKit.framework */,
				A7298E142015E9A000A7301D /* CoreData.framework */,
			);
			name = Frameworks;
			sourceTree = "<group>";
		};
		A741BD4B20ECEDDC0062AF27 /* VIDEO PROCESSING */ = {
			isa = PBXGroup;
			children = (
				A7EF606120EA1CB500FD09A7 /* Video Player View.swift */,
				A741BD5F20EE32F80062AF27 /* Video Scrub View.swift */,
				A741BD6120EF55540062AF27 /* Playback Progress View.swift */,
				A748D8B420F4CD5500DA190A /* Play Icon View.swift */,
				A741BD4920EBEECD0062AF27 /* Playback Button.swift */,
				A7E6985120E389CC00BA5B1E /* Video Shooting VC Restoration.swift */,
				A7826E5120E2618100FFBBFA /* Video Shooting VC.swift */,
				A7FAFFED20F6294900C5B21D /* Duration Stamp View.swift */,
			);
			name = "VIDEO PROCESSING";
			sourceTree = "<group>";
		};
		A7443F07202DDB7E0039BE41 /* Photo */ = {
			isa = PBXGroup;
			children = (
				A7EB39941FE6A46A00D93E3B /* Photo MO.swift */,
				A7443F03202DD7600039BE41 /* Photo MO Properties.swift */,
				A704264E1FDA87CA000B3400 /* Photo Item Wrapper.swift */,
				A7AFE5C721F3870B00EBD4C9 /* Photo MO Manipulations.swift */,
				A7DA008C204AB664002C3BA6 /* Photo Item Protocol.swift */,
			);
			name = Photo;
			sourceTree = "<group>";
		};
		A7443F08202DDBCF0039BE41 /* PhotoFolder */ = {
			isa = PBXGroup;
			children = (
				A7443EFD202DD3F60039BE41 /* PhotoFolder MO.swift */,
				A7443F04202DD7600039BE41 /* PhotoFolder MO Properties.swift */,
				A7A72E4B21F622DD003AA849 /* Photo Folder MO Manipulations.swift */,
				A71EDA682063D0E900E6AB7A /* Photo Folder Item Wrapper.swift */,
			);
			name = PhotoFolder;
			sourceTree = "<group>";
		};
		A7443F09202DDC130039BE41 /* PhotoSnippet */ = {
			isa = PBXGroup;
			children = (
				A75117F01FE6E5880009F03C /* PhotoSnippet+CoreDataClass.swift */,
				A7443EFC202DD3F60039BE41 /* PhotoSnippet+CoreDataProperties.swift */,
			);
			name = PhotoSnippet;
			sourceTree = "<group>";
		};
		A7443F0A202DDC2D0039BE41 /* BaseSnippet (abstract entity) */ = {
			isa = PBXGroup;
			children = (
				A71C85B61FBE0D52000F2DD9 /* BaseSnippet+CoreDataProperties.swift */,
				A71C85B51FBE0D52000F2DD9 /* BaseSnippet+CoreDataClass.swift */,
			);
			name = "BaseSnippet (abstract entity)";
			sourceTree = "<group>";
		};
		A7443F0B202DDCC70039BE41 /* Settings */ = {
			isa = PBXGroup;
			children = (
				A7400E5E1FC6A37B006F05DC /* Settings+CoreDataProperties.swift */,
				A7400E5D1FC6A37B006F05DC /* Settings+CoreDataClass.swift */,
			);
			name = Settings;
			sourceTree = "<group>";
		};
		A7443F0C202DDD0B0039BE41 /* Sketch Snippet */ = {
			isa = PBXGroup;
			children = (
				A71C85C51FBE19F3000F2DD9 /* SketchSnippet+CoreDataClass.swift */,
				A71C85C61FBE19F3000F2DD9 /* SketchSnippet+CoreDataProperties.swift */,
			);
			name = "Sketch Snippet";
			sourceTree = "<group>";
		};
		A7443F0D202DDD450039BE41 /* AudioSnippet */ = {
			isa = PBXGroup;
			children = (
				A711C0E2217C86040025C973 /* AudioSnippet+CoreDataProperties.swift */,
				A71C85C31FBE19F3000F2DD9 /* AudioSnippet+CoreDataClass.swift */,
			);
			name = AudioSnippet;
			sourceTree = "<group>";
		};
		A7443F0E202DDD700039BE41 /* TextSnippet */ = {
			isa = PBXGroup;
			children = (
				A71C85B91FBE192D000F2DD9 /* TextSnippet+CoreDataClass.swift */,
				A71C85BA1FBE192D000F2DD9 /* TextSnippet+CoreDataProperties.swift */,
			);
			name = TextSnippet;
			sourceTree = "<group>";
		};
		A7443F0F202DDD900039BE41 /* Report */ = {
			isa = PBXGroup;
			children = (
				A71C85BD1FBE1972000F2DD9 /* Report+CoreDataClass.swift */,
				A71C85BE1FBE1972000F2DD9 /* Report+CoreDataProperties.swift */,
			);
			name = Report;
			sourceTree = "<group>";
		};
		A7443F10202DDDCC0039BE41 /* VideoSnippet */ = {
			isa = PBXGroup;
			children = (
				A71C85C21FBE19F3000F2DD9 /* VideoSnippet+CoreDataProperties.swift */,
				A71C85C11FBE19F3000F2DD9 /* VideoSnippet+CoreDataClass.swift */,
			);
			name = VideoSnippet;
			sourceTree = "<group>";
		};
		A754897C1FBC4F2900359C0C = {
			isa = PBXGroup;
			children = (
				A7CB13731FD2D5EB00AA7294 /* Localizable.strings */,
				A711C0EC2181C40A0025C973 /* Localized Global Strings.swift */,
				A71C85D21FBE228F000F2DD9 /* Core Data Classes */,
				A75489871FBC4F2900359C0C /* Newsman */,
				A754899F1FBC4F2900359C0C /* NewsmanTests */,
				A75489AA1FBC4F2900359C0C /* NewsmanUITests */,
				A75489861FBC4F2900359C0C /* Products */,
				A7298E132015E99F00A7301D /* Frameworks */,
			);
			sourceTree = "<group>";
			usesTabs = 0;
		};
		A75489861FBC4F2900359C0C /* Products */ = {
			isa = PBXGroup;
			children = (
				A75489851FBC4F2900359C0C /* Newsman.app */,
				A754899C1FBC4F2900359C0C /* NewsmanTests.xctest */,
				A75489A71FBC4F2900359C0C /* NewsmanUITests.xctest */,
			);
			name = Products;
			sourceTree = "<group>";
		};
		A75489871FBC4F2900359C0C /* Newsman */ = {
			isa = PBXGroup;
			children = (
				A7317B072015EA4100C8836A /* Newsman.entitlements */,
				A7DC081A214538EE00DD94E8 /* StoryBoards */,
				A75489881FBC4F2900359C0C /* AppDelegate.swift */,
				A751FC4B218C7FD20088D9C5 /* CG Affine Transform Extension.swift */,
				A7A97231217074100061AA07 /* Global Formatters.swift */,
				A79548F121E62B4300A37959 /* Thread Safe Map.swift */,
				A75C0A3020DBAF6D009929B8 /* AppDelegateVCRestoration.swift */,
				A7EC89FC20AAEB4E0030D280 /* NCTransitionAnimation.swift */,
				A7826E3620DFD45D00FFBBFA /* NCSnippetsScrollAnimator.swift */,
				A7826E3820DFD48F00FFBBFA /* NCPushPopAnimator.swift */,
				A7EC89FE20AAF0B50030D280 /* NCTransitionsDelegate.swift */,
				A7826E4D20E0ED4F00FFBBFA /* NCSnippetsScrollProtocol.swift */,
				A75489971FBC4F2900359C0C /* Info.plist */,
				A75489921FBC4F2900359C0C /* Assets.xcassets */,
				A7C6A7D220C822AD005D566A /* VC Custom Transitions */,
				A7CB136E1FD2D35E00AA7294 /* Assesory Menus */,
				A7CB136D1FD2D31D00AA7294 /* Main Menu */,
				A7CB136B1FD2D2D900AA7294 /* Snippets Menu */,
				A741BD4B20ECEDDC0062AF27 /* VIDEO PROCESSING */,
				A7CB13691FD2D27000AA7294 /* Photo Snippets */,
				A7CB136A1FD2D2AA00AA7294 /* Text Snippets */,
			);
			path = Newsman;
			sourceTree = "<group>";
		};
		A754899F1FBC4F2900359C0C /* NewsmanTests */ = {
			isa = PBXGroup;
			children = (
				A75489A01FBC4F2900359C0C /* NewsmanTests.swift */,
				A75489A21FBC4F2900359C0C /* Info.plist */,
			);
			path = NewsmanTests;
			sourceTree = "<group>";
		};
		A75489AA1FBC4F2900359C0C /* NewsmanUITests */ = {
			isa = PBXGroup;
			children = (
				A75489AB1FBC4F2900359C0C /* NewsmanUITests.swift */,
				A75489AD1FBC4F2900359C0C /* Info.plist */,
			);
			path = NewsmanUITests;
			sourceTree = "<group>";
		};
		A7AFE5C621F1C7C800EBD4C9 /* Snippet Cell Protocol */ = {
			isa = PBXGroup;
			children = (
				A7D83BBC220F2C460050A0CF /* Drop View Protocol.swift */,
				A7D39CF12100C5AC00F80CAA /* Snippet Cell Protocol (SCP).swift */,
				A7AFE5C421F1C7A500EBD4C9 /* SCP Image Load Extension.swift */,
				A7AFE5C021F1C48900EBD4C9 /* SCP Video Extension.swift */,
				A7AFE5C221F1C57E00EBD4C9 /* SCP Flag Markers Extension.swift */,
			);
			name = "Snippet Cell Protocol";
			sourceTree = "<group>";
		};
		A7B2B07B2205BE5600D40008 /* Photo Operations */ = {
			isa = PBXGroup;
			children = (
				A7B2B07C2205BEC400D40008 /* Remove Dependencies Extension.swift */,
				A7B2B0822205C2F100D40008 /* Operation Provider Protocols.swift */,
				A7B2B07E2205BF5500D40008 /* Context Operation.swift */,
				A7B2B0802205C25F00D40008 /* Cached Image Operation.swift */,
				A7B2B0842205C5F000D40008 /* Saved Image Operation.swift */,
				A7B2B08A2205CD2700D40008 /* Resize Image Operation.swift */,
				A7B2B0862205CAFD00D40008 /* Render Video Preview Operation.swift */,
				A7B2B0882205CBB600D40008 /* Thumbnail Image Operation.swift */,
				A7B2B08C2205CED300D40008 /* Image Set Operation.swift */,
				A76A2824212AD0610094AA5F /* Photo Item Operations.swift */,
				A78D9B5B213289290095EEFB /* Photo Snippet Images Provider.swift */,
			);
			name = "Photo Operations";
			sourceTree = "<group>";
		};
		A7C6A7D220C822AD005D566A /* VC Custom Transitions */ = {
			isa = PBXGroup;
			children = (
				A7EC8A0020B0A2B90030D280 /* VC Transitions Delegate.swift */,
				A7C6A7D020C820BE005D566A /* Rotation Fade Scale Animator.swift */,
				A7C6A7CE20C8201C005D566A /* Spring Door Animator.swift */,
				A7C6A7D520C82611005D566A /* Layer Transitions Animator.swift */,
				A7C6A7D320C82346005D566A /* Corner Slide Animator.swift */,
			);
			name = "VC Custom Transitions";
			sourceTree = "<group>";
		};
		A7CB13691FD2D27000AA7294 /* Photo Snippets */ = {
			isa = PBXGroup;
			children = (
				A7B2B07B2205BE5600D40008 /* Photo Operations */,
				A7304A991FCAF9E400207A52 /* Photo Snippet VC.swift */,
				A711C0F0218318800025C973 /* Photo Snippet Special Enums.swift */,
				A72B3EAD2058419000C02B52 /* Zoom View.swift */,
				A71EDA662063D00D00E6AB7A /* UIImage Extensions.swift */,
				A75117F41FF656590009F03C /* Photo Snippet CV.swift */,
				A75C0A3220DBC802009929B8 /* Photo Snippet VC Restoration.swift */,
				A7DA008A204AB518002C3BA6 /* Photo Drop Item Provider.swift */,
				A7443F13203881790039BE41 /* Flag Items Menu.swift */,
				A7D39CFB2100EF3700F80CAA /* Item Flag View.swift */,
				A7D39CF82100E32800F80CAA /* Delegates */,
				A7D39CF32100D27900F80CAA /* CV Data Sources */,
				A7D39CF02100C35500F80CAA /* Drag & Drop */,
				A7D39CEF2100C31100F80CAA /* CV Cells */,
			);
			name = "Photo Snippets";
			sourceTree = "<group>";
		};
		A7CB136A1FD2D2AA00AA7294 /* Text Snippets */ = {
			isa = PBXGroup;
			children = (
				A7826E4F20E0F6E100FFBBFA /* TextSnippetVCRestoration.swift */,
				A71C85EE1FBF37EA000F2DD9 /* TextSnippetViewController.swift */,
				A71CE633213AA21700497A60 /* Text Snippet Preview Provider.swift */,
				A7826E3420DE3FE100FFBBFA /* TextSnippet TF Delegate.swift */,
			);
			path = "Text Snippets";
			sourceTree = "<group>";
		};
		A7CB136B1FD2D2D900AA7294 /* Snippets Menu */ = {
			isa = PBXGroup;
			children = (
				A71C85E61FBED634000F2DD9 /* Snippets VC.swift */,
				A73BDA7821D0F62C007E0416 /* Snippets Representable.swift */,
				A7330F0F1FC09FCB00D8EBC9 /* Snippets Table View Delegate.swift */,
				A7021CEB2185A7D1009A5F43 /* Snippets TV Header View.swift */,
				A7021CED2185A92F009A5F43 /* Snippets TV Footer View.swift */,
				A7021CEF21863227009A5F43 /* Snippets TV Supplemetary Views.swift */,
				A752514F2146D31E00022F42 /* Snippets Table View FRC.swift */,
				A7FA2DED218ECF7E00A2EE8D /* Snippet Cell Animators.swift */,
				A71C85EC1FBEFCD1000F2DD9 /* Snippets View Cell.swift */,
				A77C73902194392D00E1C57F /* Snippet Bar Rating View.swift */,
				A7A15EAF21907B1F009877F4 /* Snippet Image View.swift */,
				A71C85E81FBED660000F2DD9 /* Snippets View DS.swift */,
				A711C0EE2183167C0025C973 /* Snippets Special Enums, Structs.swift */,
				A711C0EA2180779E0025C973 /* Snippets Factory.swift */,
				A71CE631213A971300497A60 /* Snippet Preview Images Provider.swift */,
				A70B2AA420DA9FED003AD4B5 /* Snippets VC Restoration.swift */,
				A71715DC2024E8BA00112FFF /* Snippets D&D Delegate.swift */,
				A7400E781FC96C3E006F05DC /* Snippets CL Delegate.swift */,
			);
			name = "Snippets Menu";
			sourceTree = "<group>";
		};
		A7CB136D1FD2D31D00AA7294 /* Main Menu */ = {
			isa = PBXGroup;
			children = (
				A71C85EA1FBED786000F2DD9 /* MainMenuItems.swift */,
				A75489BD1FBC649000359C0C /* MainViewDataSource.swift */,
				A75489BB1FBC620300359C0C /* MainViewCell.swift */,
				A754898A1FBC4F2900359C0C /* MainViewController.swift */,
			);
			name = "Main Menu";
			path = "Text Snippets";
			sourceTree = "<group>";
		};
		A7CB136E1FD2D35E00AA7294 /* Assesory Menus */ = {
			isa = PBXGroup;
			children = (
				A7400E741FC731A2006F05DC /* DatePickerViewController.swift */,
				A7400E761FC73305006F05DC /* PriorityPickerViewController.swift */,
				A7826E3020DBF9E400FFBBFA /* PriorityPickerVCRestoration.swift */,
			);
			name = "Assesory Menus";
			sourceTree = "<group>";
		};
		A7D39CEF2100C31100F80CAA /* CV Cells */ = {
			isa = PBXGroup;
			children = (
				A7AFE5C621F1C7C800EBD4C9 /* Snippet Cell Protocol */,
				A7304A9B1FCAFDB700207A52 /* Single Item Cell.swift */,
				A7443F112035D2F80039BE41 /* Folder Cell.swift */,
				A7D39CF42100DF7F00F80CAA /* Folder Nested CV Cell.swift */,
				A72B3EAB205838C700C02B52 /* Zoom View CV Cell.swift */,
			);
			name = "CV Cells";
			sourceTree = "<group>";
		};
		A7D39CF02100C35500F80CAA /* Drag & Drop */ = {
			isa = PBXGroup;
			children = (
				A7438685219D70C3005ECACD /* AppDelegate D&D.swift */,
				A783361E2201F6AD00297BAB /* MAIN CV D&D Delegate.swift */,
				A71EDA6A2063D44800E6AB7A /* Zoom View CV D&D Delegate.swift */,
				A79548F521EC98AC00A37959 /* Single Cell D&D Delegate.swift */,
				A7D83BBE220F35E20050A0CF /* Folder Cell D&D Delegate.swift */,
				A79548F321E7812A00A37959 /* Photo Cell D&D Waggle Animation.swift */,
				A77F74D42062446C0074A915 /* Zoom View D&D Delegate.swift */,
				A71715C7201F86BA00112FFF /* Photo Snippet CV D&D Delegate.swift */,
			);
			name = "Drag & Drop";
			sourceTree = "<group>";
		};
		A7D39CF32100D27900F80CAA /* CV Data Sources */ = {
			isa = PBXGroup;
			children = (
				A7304A9F1FCB160C00207A52 /* Photo Snippet CV DS.swift */,
				A77F74D2206242090074A915 /* Zoom View CV DS.swift */,
				A7D39CF62100E21500F80CAA /* Folder Nested CV DS.swift */,
			);
			name = "CV Data Sources";
			sourceTree = "<group>";
		};
		A7D39CF82100E32800F80CAA /* Delegates */ = {
			isa = PBXGroup;
			children = (
				A7018EF21FCF32C500E9ADAF /* Photo Snippet CV Delegate.swift */,
				A7826E3220DE311700FFBBFA /* Photo Snippet TF Delegate.swift */,
				A77F74D0206241600074A915 /* Zoom View CV Delegate.swift */,
				A7D39CF92100E3A000F80CAA /* Folder Nested CV Delegate.swift */,
				A7304A9D1FCB0DFD00207A52 /* Photo Picker Delegate.swift */,
			);
			name = Delegates;
			sourceTree = "<group>";
		};
		A7DC081A214538EE00DD94E8 /* StoryBoards */ = {
			isa = PBXGroup;
			children = (
				A77BB203218D9A97000F2E85 /* Main.storyboard */,
				A768ED6921883AAD006AED31 /* Accesorial.storyboard */,
				A768ED6F21883B41006AED31 /* Snippets.storyboard */,
				A768ED6C21883AC9006AED31 /* MediaViewControllers.storyboard */,
				A711C10A21839D4D0025C973 /* ZoomCollectionViewCell.xib */,
			);
			name = StoryBoards;
			sourceTree = "<group>";
		};
/* End PBXGroup section */

/* Begin PBXNativeTarget section */
		A75489841FBC4F2900359C0C /* Newsman */ = {
			isa = PBXNativeTarget;
			buildConfigurationList = A75489B01FBC4F2900359C0C /* Build configuration list for PBXNativeTarget "Newsman" */;
			buildPhases = (
				A75489811FBC4F2900359C0C /* Sources */,
				A75489821FBC4F2900359C0C /* Frameworks */,
				A75489831FBC4F2900359C0C /* Resources */,
			);
			buildRules = (
			);
			dependencies = (
			);
			name = Newsman;
			productName = Newsman;
			productReference = A75489851FBC4F2900359C0C /* Newsman.app */;
			productType = "com.apple.product-type.application";
		};
		A754899B1FBC4F2900359C0C /* NewsmanTests */ = {
			isa = PBXNativeTarget;
			buildConfigurationList = A75489B31FBC4F2900359C0C /* Build configuration list for PBXNativeTarget "NewsmanTests" */;
			buildPhases = (
				A75489981FBC4F2900359C0C /* Sources */,
				A75489991FBC4F2900359C0C /* Frameworks */,
				A754899A1FBC4F2900359C0C /* Resources */,
			);
			buildRules = (
			);
			dependencies = (
				A754899E1FBC4F2900359C0C /* PBXTargetDependency */,
			);
			name = NewsmanTests;
			productName = NewsmanTests;
			productReference = A754899C1FBC4F2900359C0C /* NewsmanTests.xctest */;
			productType = "com.apple.product-type.bundle.unit-test";
		};
		A75489A61FBC4F2900359C0C /* NewsmanUITests */ = {
			isa = PBXNativeTarget;
			buildConfigurationList = A75489B61FBC4F2900359C0C /* Build configuration list for PBXNativeTarget "NewsmanUITests" */;
			buildPhases = (
				A75489A31FBC4F2900359C0C /* Sources */,
				A75489A41FBC4F2900359C0C /* Frameworks */,
				A75489A51FBC4F2900359C0C /* Resources */,
			);
			buildRules = (
			);
			dependencies = (
				A75489A91FBC4F2900359C0C /* PBXTargetDependency */,
			);
			name = NewsmanUITests;
			productName = NewsmanUITests;
			productReference = A75489A71FBC4F2900359C0C /* NewsmanUITests.xctest */;
			productType = "com.apple.product-type.bundle.ui-testing";
		};
/* End PBXNativeTarget section */

/* Begin PBXProject section */
		A754897D1FBC4F2900359C0C /* Project object */ = {
			isa = PBXProject;
			attributes = {
				LastSwiftUpdateCheck = 0910;
				LastUpgradeCheck = 0930;
				ORGANIZATIONNAME = Anton2016;
				TargetAttributes = {
					A75489841FBC4F2900359C0C = {
						CreatedOnToolsVersion = 9.1;
						LastSwiftMigration = 0930;
						ProvisioningStyle = Automatic;
						SystemCapabilities = {
							com.apple.Push = {
								enabled = 1;
							};
							com.apple.iCloud = {
								enabled = 1;
							};
						};
					};
					A754899B1FBC4F2900359C0C = {
						CreatedOnToolsVersion = 9.1;
						ProvisioningStyle = Automatic;
						TestTargetID = A75489841FBC4F2900359C0C;
					};
					A75489A61FBC4F2900359C0C = {
						CreatedOnToolsVersion = 9.1;
						ProvisioningStyle = Automatic;
						TestTargetID = A75489841FBC4F2900359C0C;
					};
				};
			};
			buildConfigurationList = A75489801FBC4F2900359C0C /* Build configuration list for PBXProject "Newsman" */;
			compatibilityVersion = "Xcode 8.0";
			developmentRegion = en;
			hasScannedForEncodings = 0;
			knownRegions = (
				en,
				Base,
				de,
				ru,
				fr,
				es,
			);
			mainGroup = A754897C1FBC4F2900359C0C;
			productRefGroup = A75489861FBC4F2900359C0C /* Products */;
			projectDirPath = "";
			projectRoot = "";
			targets = (
				A75489841FBC4F2900359C0C /* Newsman */,
				A754899B1FBC4F2900359C0C /* NewsmanTests */,
				A75489A61FBC4F2900359C0C /* NewsmanUITests */,
			);
		};
/* End PBXProject section */

/* Begin PBXResourcesBuildPhase section */
		A75489831FBC4F2900359C0C /* Resources */ = {
			isa = PBXResourcesBuildPhase;
			buildActionMask = 2147483647;
			files = (
				A77BB205218D9A97000F2E85 /* Main.storyboard in Resources */,
				A768ED7121883B41006AED31 /* Snippets.storyboard in Resources */,
				A768ED6E21883AC9006AED31 /* MediaViewControllers.storyboard in Resources */,
				A7CB13711FD2D5EB00AA7294 /* Localizable.strings in Resources */,
				A711C10821839D4D0025C973 /* ZoomCollectionViewCell.xib in Resources */,
				A768ED6B21883AAD006AED31 /* Accesorial.storyboard in Resources */,
				A75489931FBC4F2900359C0C /* Assets.xcassets in Resources */,
			);
			runOnlyForDeploymentPostprocessing = 0;
		};
		A754899A1FBC4F2900359C0C /* Resources */ = {
			isa = PBXResourcesBuildPhase;
			buildActionMask = 2147483647;
			files = (
			);
			runOnlyForDeploymentPostprocessing = 0;
		};
		A75489A51FBC4F2900359C0C /* Resources */ = {
			isa = PBXResourcesBuildPhase;
			buildActionMask = 2147483647;
			files = (
			);
			runOnlyForDeploymentPostprocessing = 0;
		};
/* End PBXResourcesBuildPhase section */

/* Begin PBXSourcesBuildPhase section */
		A75489811FBC4F2900359C0C /* Sources */ = {
			isa = PBXSourcesBuildPhase;
			buildActionMask = 2147483647;
			files = (
				A7B2B0812205C25F00D40008 /* Cached Image Operation.swift in Sources */,
				A7443F05202DD7600039BE41 /* Photo MO Properties.swift in Sources */,
				A7826E3120DBF9E400FFBBFA /* PriorityPickerVCRestoration.swift in Sources */,
				A7A15EB021907B1F009877F4 /* Snippet Image View.swift in Sources */,
				A71715DD2024E8BA00112FFF /* Snippets D&D Delegate.swift in Sources */,
				A73BDA7921D0F62C007E0416 /* Snippets Representable.swift in Sources */,
				A71C85E71FBED634000F2DD9 /* Snippets VC.swift in Sources */,
				A7FAFFEE20F6294900C5B21D /* Duration Stamp View.swift in Sources */,
				A75C0A3320DBC802009929B8 /* Photo Snippet VC Restoration.swift in Sources */,
				A7B2B0892205CBB600D40008 /* Thumbnail Image Operation.swift in Sources */,
				A71C85B81FBE0D52000F2DD9 /* BaseSnippet+CoreDataProperties.swift in Sources */,
				A75C0A3120DBAF6D009929B8 /* AppDelegateVCRestoration.swift in Sources */,
				A71C85EB1FBED786000F2DD9 /* MainMenuItems.swift in Sources */,
				A77F74D52062446C0074A915 /* Zoom View D&D Delegate.swift in Sources */,
				A7EC89FD20AAEB4E0030D280 /* NCTransitionAnimation.swift in Sources */,
				A71C85BC1FBE192D000F2DD9 /* TextSnippet+CoreDataProperties.swift in Sources */,
				A7A97232217074100061AA07 /* Global Formatters.swift in Sources */,
				A71C85CA1FBE19F3000F2DD9 /* VideoSnippet+CoreDataProperties.swift in Sources */,
				A7330F101FC09FCB00D8EBC9 /* Snippets Table View Delegate.swift in Sources */,
				A7FA2DEE218ECF7E00A2EE8D /* Snippet Cell Animators.swift in Sources */,
				A70B2AA520DA9FED003AD4B5 /* Snippets VC Restoration.swift in Sources */,
				A754898B1FBC4F2900359C0C /* MainViewController.swift in Sources */,
				A7443F00202DD3F60039BE41 /* PhotoSnippet+CoreDataProperties.swift in Sources */,
				A7826E3320DE311700FFBBFA /* Photo Snippet TF Delegate.swift in Sources */,
				A7826E4E20E0ED4F00FFBBFA /* NCSnippetsScrollProtocol.swift in Sources */,
				A71CE634213AA21700497A60 /* Text Snippet Preview Provider.swift in Sources */,
				A7D39CF72100E21500F80CAA /* Folder Nested CV DS.swift in Sources */,
				A7E6985220E389CC00BA5B1E /* Video Shooting VC Restoration.swift in Sources */,
				A7438686219D70C3005ECACD /* AppDelegate D&D.swift in Sources */,
				A7304A9A1FCAF9E400207A52 /* Photo Snippet VC.swift in Sources */,
				A7400E771FC73305006F05DC /* PriorityPickerViewController.swift in Sources */,
				A7AFE5C821F3870B00EBD4C9 /* Photo MO Manipulations.swift in Sources */,
				A711C0ED2181C40A0025C973 /* Localized Global Strings.swift in Sources */,
				A75117F51FF656590009F03C /* Photo Snippet CV.swift in Sources */,
				A75489BE1FBC649000359C0C /* MainViewDataSource.swift in Sources */,
				A7826E3920DFD48F00FFBBFA /* NCPushPopAnimator.swift in Sources */,
				A7443F122035D2F80039BE41 /* Folder Cell.swift in Sources */,
				A71EDA6B2063D44800E6AB7A /* Zoom View CV D&D Delegate.swift in Sources */,
				A71C85B71FBE0D52000F2DD9 /* BaseSnippet+CoreDataClass.swift in Sources */,
				A7A72E4C21F622DD003AA849 /* Photo Folder MO Manipulations.swift in Sources */,
				A7826E5220E2618100FFBBFA /* Video Shooting VC.swift in Sources */,
				A7304A9E1FCB0DFD00207A52 /* Photo Picker Delegate.swift in Sources */,
				A77F74D3206242090074A915 /* Zoom View CV DS.swift in Sources */,
				A7021CEC2185A7D1009A5F43 /* Snippets TV Header View.swift in Sources */,
				A7B2B0852205C5F000D40008 /* Saved Image Operation.swift in Sources */,
				A71C85C01FBE1972000F2DD9 /* Report+CoreDataProperties.swift in Sources */,
				A71C85EF1FBF37EA000F2DD9 /* TextSnippetViewController.swift in Sources */,
				A711C0E3217C86040025C973 /* AudioSnippet+CoreDataProperties.swift in Sources */,
				A7443F06202DD7600039BE41 /* PhotoFolder MO Properties.swift in Sources */,
				A704264F1FDA87CA000B3400 /* Photo Item Wrapper.swift in Sources */,
				A7443F14203881790039BE41 /* Flag Items Menu.swift in Sources */,
				A741BD4A20EBEECD0062AF27 /* Playback Button.swift in Sources */,
				A7DA008D204AB664002C3BA6 /* Photo Item Protocol.swift in Sources */,
				A741BD6220EF55540062AF27 /* Playback Progress View.swift in Sources */,
				A7EC8A0120B0A2B90030D280 /* VC Transitions Delegate.swift in Sources */,
				A748D8B520F4CD5500DA190A /* Play Icon View.swift in Sources */,
				A7400E601FC6A37B006F05DC /* Settings+CoreDataProperties.swift in Sources */,
				A7C6A7D420C82346005D566A /* Corner Slide Animator.swift in Sources */,
				A71C85C91FBE19F3000F2DD9 /* VideoSnippet+CoreDataClass.swift in Sources */,
				A77C73912194392D00E1C57F /* Snippet Bar Rating View.swift in Sources */,
				A7021CF021863227009A5F43 /* Snippets TV Supplemetary Views.swift in Sources */,
				A7EC89FF20AAF0B50030D280 /* NCTransitionsDelegate.swift in Sources */,
				A7D83BBF220F35E20050A0CF /* Folder Cell D&D Delegate.swift in Sources */,
				A75489BC1FBC620300359C0C /* MainViewCell.swift in Sources */,
				A7AFE5C521F1C7A500EBD4C9 /* SCP Image Load Extension.swift in Sources */,
				A71C85CE1FBE19F3000F2DD9 /* SketchSnippet+CoreDataProperties.swift in Sources */,
				A7400E791FC96C3E006F05DC /* Snippets CL Delegate.swift in Sources */,
				A7021CEE2185A92F009A5F43 /* Snippets TV Footer View.swift in Sources */,
				A75489911FBC4F2900359C0C /* Newsman.xcdatamodeld in Sources */,
				A711C0F1218318800025C973 /* Photo Snippet Special Enums.swift in Sources */,
				A7304AA01FCB160C00207A52 /* Photo Snippet CV DS.swift in Sources */,
				A7C6A7D620C82611005D566A /* Layer Transitions Animator.swift in Sources */,
				A75117F21FE6E5880009F03C /* PhotoSnippet+CoreDataClass.swift in Sources */,
				A7B2B0832205C2F100D40008 /* Operation Provider Protocols.swift in Sources */,
				A78D9B5C213289290095EEFB /* Photo Snippet Images Provider.swift in Sources */,
				A7D39CFA2100E3A000F80CAA /* Folder Nested CV Delegate.swift in Sources */,
				A75251502146D31E00022F42 /* Snippets Table View FRC.swift in Sources */,
				A7B2B07F2205BF5500D40008 /* Context Operation.swift in Sources */,
				A7826E3720DFD45D00FFBBFA /* NCSnippetsScrollAnimator.swift in Sources */,
				A711C0EB2180779E0025C973 /* Snippets Factory.swift in Sources */,
				A7D39CF52100DF7F00F80CAA /* Folder Nested CV Cell.swift in Sources */,
				A7018EF31FCF32C500E9ADAF /* Photo Snippet CV Delegate.swift in Sources */,
				A7AFE5C121F1C48900EBD4C9 /* SCP Video Extension.swift in Sources */,
				A7826E3520DE3FE100FFBBFA /* TextSnippet TF Delegate.swift in Sources */,
				A7C6A7D120C820BE005D566A /* Rotation Fade Scale Animator.swift in Sources */,
				A7400E751FC731A2006F05DC /* DatePickerViewController.swift in Sources */,
				A7EF606220EA1CB500FD09A7 /* Video Player View.swift in Sources */,
				A71C85CB1FBE19F3000F2DD9 /* AudioSnippet+CoreDataClass.swift in Sources */,
				A741BD6020EE32F80062AF27 /* Video Scrub View.swift in Sources */,
				A7826E5020E0F6E100FFBBFA /* TextSnippetVCRestoration.swift in Sources */,
				A783361F2201F6AD00297BAB /* MAIN CV D&D Delegate.swift in Sources */,
				A7EB39961FE6A46A00D93E3B /* Photo MO.swift in Sources */,
				A7D39CF22100C5AC00F80CAA /* Snippet Cell Protocol (SCP).swift in Sources */,
				A71EDA692063D0E900E6AB7A /* Photo Folder Item Wrapper.swift in Sources */,
				A7400E5F1FC6A37B006F05DC /* Settings+CoreDataClass.swift in Sources */,
				A7B2B07D2205BEC400D40008 /* Remove Dependencies Extension.swift in Sources */,
				A7C6A7CF20C8201C005D566A /* Spring Door Animator.swift in Sources */,
				A7D39CFC2100EF3700F80CAA /* Item Flag View.swift in Sources */,
				A72B3EAC205838C700C02B52 /* Zoom View CV Cell.swift in Sources */,
				A7AFE5C321F1C57E00EBD4C9 /* SCP Flag Markers Extension.swift in Sources */,
				A77F74D1206241600074A915 /* Zoom View CV Delegate.swift in Sources */,
				A71C85BB1FBE192D000F2DD9 /* TextSnippet+CoreDataClass.swift in Sources */,
				A7D93C6A206D3743007891ED /* Helpers.swift in Sources */,
				A79548F421E7812A00A37959 /* Photo Cell D&D Waggle Animation.swift in Sources */,
				A71C85ED1FBEFCD1000F2DD9 /* Snippets View Cell.swift in Sources */,
				A7B2B08D2205CED300D40008 /* Image Set Operation.swift in Sources */,
				A7D83BBD220F2C460050A0CF /* Drop View Protocol.swift in Sources */,
				A79548F221E62B4300A37959 /* Thread Safe Map.swift in Sources */,
				A71715C8201F86BA00112FFF /* Photo Snippet CV D&D Delegate.swift in Sources */,
				A76A2825212AD0620094AA5F /* Photo Item Operations.swift in Sources */,
				A7443F01202DD3F60039BE41 /* PhotoFolder MO.swift in Sources */,
				A79548F621EC98AC00A37959 /* Single Cell D&D Delegate.swift in Sources */,
				A72B3EAE2058419000C02B52 /* Zoom View.swift in Sources */,
				A75489891FBC4F2900359C0C /* AppDelegate.swift in Sources */,
				A71C85E91FBED660000F2DD9 /* Snippets View DS.swift in Sources */,
				A71EDA672063D00D00E6AB7A /* UIImage Extensions.swift in Sources */,
				A71C85BF1FBE1972000F2DD9 /* Report+CoreDataClass.swift in Sources */,
				A7B2B0872205CAFD00D40008 /* Render Video Preview Operation.swift in Sources */,
				A7304A9C1FCAFDB700207A52 /* Single Item Cell.swift in Sources */,
				A7DA008B204AB518002C3BA6 /* Photo Drop Item Provider.swift in Sources */,
				A71CE632213A971300497A60 /* Snippet Preview Images Provider.swift in Sources */,
				A71C85CD1FBE19F3000F2DD9 /* SketchSnippet+CoreDataClass.swift in Sources */,
				A7B2B08B2205CD2700D40008 /* Resize Image Operation.swift in Sources */,
				A751FC4C218C7FD20088D9C5 /* CG Affine Transform Extension.swift in Sources */,
				A711C0EF2183167C0025C973 /* Snippets Special Enums, Structs.swift in Sources */,
			);
			runOnlyForDeploymentPostprocessing = 0;
		};
		A75489981FBC4F2900359C0C /* Sources */ = {
			isa = PBXSourcesBuildPhase;
			buildActionMask = 2147483647;
			files = (
				A75489A11FBC4F2900359C0C /* NewsmanTests.swift in Sources */,
			);
			runOnlyForDeploymentPostprocessing = 0;
		};
		A75489A31FBC4F2900359C0C /* Sources */ = {
			isa = PBXSourcesBuildPhase;
			buildActionMask = 2147483647;
			files = (
				A75489AC1FBC4F2900359C0C /* NewsmanUITests.swift in Sources */,
			);
			runOnlyForDeploymentPostprocessing = 0;
		};
/* End PBXSourcesBuildPhase section */

/* Begin PBXTargetDependency section */
		A754899E1FBC4F2900359C0C /* PBXTargetDependency */ = {
			isa = PBXTargetDependency;
			target = A75489841FBC4F2900359C0C /* Newsman */;
			targetProxy = A754899D1FBC4F2900359C0C /* PBXContainerItemProxy */;
		};
		A75489A91FBC4F2900359C0C /* PBXTargetDependency */ = {
			isa = PBXTargetDependency;
			target = A75489841FBC4F2900359C0C /* Newsman */;
			targetProxy = A75489A81FBC4F2900359C0C /* PBXContainerItemProxy */;
		};
/* End PBXTargetDependency section */

/* Begin PBXVariantGroup section */
		A711C10A21839D4D0025C973 /* ZoomCollectionViewCell.xib */ = {
			isa = PBXVariantGroup;
			children = (
				A711C10921839D4D0025C973 /* Base */,
				A711C10C21839D510025C973 /* en */,
				A711C10E21839D530025C973 /* ru */,
				A711C11021839D550025C973 /* de */,
				A711C11621839F100025C973 /* fr */,
				A711C11D21839F1C0025C973 /* es */,
			);
			name = ZoomCollectionViewCell.xib;
			sourceTree = "<group>";
		};
		A768ED6921883AAD006AED31 /* Accesorial.storyboard */ = {
			isa = PBXVariantGroup;
			children = (
				A768ED6A21883AAD006AED31 /* Base */,
			);
			name = Accesorial.storyboard;
			sourceTree = "<group>";
		};
		A768ED6C21883AC9006AED31 /* MediaViewControllers.storyboard */ = {
			isa = PBXVariantGroup;
			children = (
				A768ED6D21883AC9006AED31 /* Base */,
			);
			name = MediaViewControllers.storyboard;
			sourceTree = "<group>";
		};
		A768ED6F21883B41006AED31 /* Snippets.storyboard */ = {
			isa = PBXVariantGroup;
			children = (
				A768ED7021883B41006AED31 /* Base */,
			);
			name = Snippets.storyboard;
			sourceTree = "<group>";
		};
		A77BB203218D9A97000F2E85 /* Main.storyboard */ = {
			isa = PBXVariantGroup;
			children = (
				A77BB204218D9A97000F2E85 /* Base */,
			);
			name = Main.storyboard;
			sourceTree = "<group>";
		};
		A7CB13731FD2D5EB00AA7294 /* Localizable.strings */ = {
			isa = PBXVariantGroup;
			children = (
				A7CB13721FD2D5EB00AA7294 /* ru */,
				A7CB13741FD2D61200AA7294 /* Base */,
				A7CB13751FD2D61400AA7294 /* en */,
				A711C0F7218399AC0025C973 /* de */,
				A711C11721839F110025C973 /* fr */,
				A711C11E21839F1D0025C973 /* es */,
			);
			name = Localizable.strings;
			path = "Newsman/Text Snippets";
			sourceTree = "<group>";
			usesTabs = 0;
		};
/* End PBXVariantGroup section */

/* Begin XCBuildConfiguration section */
		A75489AE1FBC4F2900359C0C /* Debug */ = {
			isa = XCBuildConfiguration;
			buildSettings = {
				ALWAYS_SEARCH_USER_PATHS = NO;
				CLANG_ANALYZER_LOCALIZABILITY_NONLOCALIZED = YES;
				CLANG_ANALYZER_NONNULL = YES;
				CLANG_ANALYZER_NUMBER_OBJECT_CONVERSION = YES_AGGRESSIVE;
				CLANG_CXX_LANGUAGE_STANDARD = "gnu++14";
				CLANG_CXX_LIBRARY = "libc++";
				CLANG_ENABLE_MODULES = YES;
				CLANG_ENABLE_OBJC_ARC = YES;
				CLANG_WARN_BLOCK_CAPTURE_AUTORELEASING = YES;
				CLANG_WARN_BOOL_CONVERSION = YES;
				CLANG_WARN_COMMA = YES;
				CLANG_WARN_CONSTANT_CONVERSION = YES;
				CLANG_WARN_DEPRECATED_OBJC_IMPLEMENTATIONS = YES;
				CLANG_WARN_DIRECT_OBJC_ISA_USAGE = YES_ERROR;
				CLANG_WARN_DOCUMENTATION_COMMENTS = YES;
				CLANG_WARN_EMPTY_BODY = YES;
				CLANG_WARN_ENUM_CONVERSION = YES;
				CLANG_WARN_INFINITE_RECURSION = YES;
				CLANG_WARN_INT_CONVERSION = YES;
				CLANG_WARN_NON_LITERAL_NULL_CONVERSION = YES;
				CLANG_WARN_OBJC_IMPLICIT_RETAIN_SELF = YES;
				CLANG_WARN_OBJC_LITERAL_CONVERSION = YES;
				CLANG_WARN_OBJC_ROOT_CLASS = YES_ERROR;
				CLANG_WARN_RANGE_LOOP_ANALYSIS = YES;
				CLANG_WARN_STRICT_PROTOTYPES = YES;
				CLANG_WARN_SUSPICIOUS_MOVE = YES;
				CLANG_WARN_UNGUARDED_AVAILABILITY = YES_AGGRESSIVE;
				CLANG_WARN_UNREACHABLE_CODE = YES;
				CLANG_WARN__DUPLICATE_METHOD_MATCH = YES;
				CODE_SIGN_IDENTITY = "iPhone Developer";
				COPY_PHASE_STRIP = NO;
				DEBUG_INFORMATION_FORMAT = "dwarf-with-dsym";
				ENABLE_STRICT_OBJC_MSGSEND = YES;
				ENABLE_TESTABILITY = YES;
				GCC_C_LANGUAGE_STANDARD = gnu11;
				GCC_DYNAMIC_NO_PIC = NO;
				GCC_NO_COMMON_BLOCKS = YES;
				GCC_OPTIMIZATION_LEVEL = 0;
				GCC_PREPROCESSOR_DEFINITIONS = (
					"DEBUG=1",
					"$(inherited)",
				);
				GCC_WARN_64_TO_32_BIT_CONVERSION = YES;
				GCC_WARN_ABOUT_RETURN_TYPE = YES_ERROR;
				GCC_WARN_UNDECLARED_SELECTOR = YES;
				GCC_WARN_UNINITIALIZED_AUTOS = YES_AGGRESSIVE;
				GCC_WARN_UNUSED_FUNCTION = YES;
				GCC_WARN_UNUSED_VARIABLE = YES;
				IPHONEOS_DEPLOYMENT_TARGET = 11.4;
				MTL_ENABLE_DEBUG_INFO = YES;
				ONLY_ACTIVE_ARCH = YES;
				SDKROOT = iphoneos;
				SWIFT_ACTIVE_COMPILATION_CONDITIONS = DEBUG;
				SWIFT_OPTIMIZATION_LEVEL = "-Onone";
			};
			name = Debug;
		};
		A75489AF1FBC4F2900359C0C /* Release */ = {
			isa = XCBuildConfiguration;
			buildSettings = {
				ALWAYS_SEARCH_USER_PATHS = NO;
				CLANG_ANALYZER_LOCALIZABILITY_NONLOCALIZED = YES;
				CLANG_ANALYZER_NONNULL = YES;
				CLANG_ANALYZER_NUMBER_OBJECT_CONVERSION = YES_AGGRESSIVE;
				CLANG_CXX_LANGUAGE_STANDARD = "gnu++14";
				CLANG_CXX_LIBRARY = "libc++";
				CLANG_ENABLE_MODULES = YES;
				CLANG_ENABLE_OBJC_ARC = YES;
				CLANG_WARN_BLOCK_CAPTURE_AUTORELEASING = YES;
				CLANG_WARN_BOOL_CONVERSION = YES;
				CLANG_WARN_COMMA = YES;
				CLANG_WARN_CONSTANT_CONVERSION = YES;
				CLANG_WARN_DEPRECATED_OBJC_IMPLEMENTATIONS = YES;
				CLANG_WARN_DIRECT_OBJC_ISA_USAGE = YES_ERROR;
				CLANG_WARN_DOCUMENTATION_COMMENTS = YES;
				CLANG_WARN_EMPTY_BODY = YES;
				CLANG_WARN_ENUM_CONVERSION = YES;
				CLANG_WARN_INFINITE_RECURSION = YES;
				CLANG_WARN_INT_CONVERSION = YES;
				CLANG_WARN_NON_LITERAL_NULL_CONVERSION = YES;
				CLANG_WARN_OBJC_IMPLICIT_RETAIN_SELF = YES;
				CLANG_WARN_OBJC_LITERAL_CONVERSION = YES;
				CLANG_WARN_OBJC_ROOT_CLASS = YES_ERROR;
				CLANG_WARN_RANGE_LOOP_ANALYSIS = YES;
				CLANG_WARN_STRICT_PROTOTYPES = YES;
				CLANG_WARN_SUSPICIOUS_MOVE = YES;
				CLANG_WARN_UNGUARDED_AVAILABILITY = YES_AGGRESSIVE;
				CLANG_WARN_UNREACHABLE_CODE = YES;
				CLANG_WARN__DUPLICATE_METHOD_MATCH = YES;
				CODE_SIGN_IDENTITY = "iPhone Developer";
				COPY_PHASE_STRIP = NO;
				DEBUG_INFORMATION_FORMAT = "dwarf-with-dsym";
				ENABLE_NS_ASSERTIONS = NO;
				ENABLE_STRICT_OBJC_MSGSEND = YES;
				GCC_C_LANGUAGE_STANDARD = gnu11;
				GCC_NO_COMMON_BLOCKS = YES;
				GCC_WARN_64_TO_32_BIT_CONVERSION = YES;
				GCC_WARN_ABOUT_RETURN_TYPE = YES_ERROR;
				GCC_WARN_UNDECLARED_SELECTOR = YES;
				GCC_WARN_UNINITIALIZED_AUTOS = YES_AGGRESSIVE;
				GCC_WARN_UNUSED_FUNCTION = YES;
				GCC_WARN_UNUSED_VARIABLE = YES;
				IPHONEOS_DEPLOYMENT_TARGET = 11.4;
				MTL_ENABLE_DEBUG_INFO = NO;
				SDKROOT = iphoneos;
				SWIFT_OPTIMIZATION_LEVEL = "-Owholemodule";
				VALIDATE_PRODUCT = YES;
			};
			name = Release;
		};
		A75489B11FBC4F2900359C0C /* Debug */ = {
			isa = XCBuildConfiguration;
			buildSettings = {
				ASSETCATALOG_COMPILER_APPICON_NAME = AppIcon;
				CLANG_ENABLE_MODULES = YES;
				CODE_SIGN_ENTITLEMENTS = Newsman/Newsman.entitlements;
				CODE_SIGN_STYLE = Automatic;
				DEVELOPMENT_TEAM = TFWJVRR5ZT;
				INFOPLIST_FILE = Newsman/Info.plist;
				IPHONEOS_DEPLOYMENT_TARGET = 12.0;
				LD_RUNPATH_SEARCH_PATHS = "$(inherited) @executable_path/Frameworks";
				PRODUCT_BUNDLE_IDENTIFIER = exp.Newsman;
				PRODUCT_NAME = "$(TARGET_NAME)";
				SWIFT_OPTIMIZATION_LEVEL = "-Onone";
				SWIFT_VERSION = 4.0;
				TARGETED_DEVICE_FAMILY = "1,2";
			};
			name = Debug;
		};
		A75489B21FBC4F2900359C0C /* Release */ = {
			isa = XCBuildConfiguration;
			buildSettings = {
				ASSETCATALOG_COMPILER_APPICON_NAME = AppIcon;
				CLANG_ENABLE_MODULES = YES;
				CODE_SIGN_ENTITLEMENTS = Newsman/Newsman.entitlements;
				CODE_SIGN_STYLE = Automatic;
				DEVELOPMENT_TEAM = TFWJVRR5ZT;
				INFOPLIST_FILE = Newsman/Info.plist;
				IPHONEOS_DEPLOYMENT_TARGET = 12.0;
				LD_RUNPATH_SEARCH_PATHS = "$(inherited) @executable_path/Frameworks";
				PRODUCT_BUNDLE_IDENTIFIER = exp.Newsman;
				PRODUCT_NAME = "$(TARGET_NAME)";
				SWIFT_VERSION = 4.0;
				TARGETED_DEVICE_FAMILY = "1,2";
			};
			name = Release;
		};
		A75489B41FBC4F2900359C0C /* Debug */ = {
			isa = XCBuildConfiguration;
			buildSettings = {
				ALWAYS_EMBED_SWIFT_STANDARD_LIBRARIES = YES;
				BUNDLE_LOADER = "$(TEST_HOST)";
				CODE_SIGN_STYLE = Automatic;
				DEVELOPMENT_TEAM = TFWJVRR5ZT;
				INFOPLIST_FILE = NewsmanTests/Info.plist;
				LD_RUNPATH_SEARCH_PATHS = "$(inherited) @executable_path/Frameworks @loader_path/Frameworks";
				PRODUCT_BUNDLE_IDENTIFIER = exp.NewsmanTests;
				PRODUCT_NAME = "$(TARGET_NAME)";
				SWIFT_VERSION = 4.0;
				TARGETED_DEVICE_FAMILY = "1,2";
				TEST_HOST = "$(BUILT_PRODUCTS_DIR)/Newsman.app/Newsman";
			};
			name = Debug;
		};
		A75489B51FBC4F2900359C0C /* Release */ = {
			isa = XCBuildConfiguration;
			buildSettings = {
				ALWAYS_EMBED_SWIFT_STANDARD_LIBRARIES = YES;
				BUNDLE_LOADER = "$(TEST_HOST)";
				CODE_SIGN_STYLE = Automatic;
				DEVELOPMENT_TEAM = TFWJVRR5ZT;
				INFOPLIST_FILE = NewsmanTests/Info.plist;
				LD_RUNPATH_SEARCH_PATHS = "$(inherited) @executable_path/Frameworks @loader_path/Frameworks";
				PRODUCT_BUNDLE_IDENTIFIER = exp.NewsmanTests;
				PRODUCT_NAME = "$(TARGET_NAME)";
				SWIFT_VERSION = 4.0;
				TARGETED_DEVICE_FAMILY = "1,2";
				TEST_HOST = "$(BUILT_PRODUCTS_DIR)/Newsman.app/Newsman";
			};
			name = Release;
		};
		A75489B71FBC4F2900359C0C /* Debug */ = {
			isa = XCBuildConfiguration;
			buildSettings = {
				ALWAYS_EMBED_SWIFT_STANDARD_LIBRARIES = YES;
				CODE_SIGN_STYLE = Automatic;
				DEVELOPMENT_TEAM = TFWJVRR5ZT;
				INFOPLIST_FILE = NewsmanUITests/Info.plist;
				LD_RUNPATH_SEARCH_PATHS = "$(inherited) @executable_path/Frameworks @loader_path/Frameworks";
				PRODUCT_BUNDLE_IDENTIFIER = exp.NewsmanUITests;
				PRODUCT_NAME = "$(TARGET_NAME)";
				SWIFT_VERSION = 4.0;
				TARGETED_DEVICE_FAMILY = "1,2";
				TEST_TARGET_NAME = Newsman;
			};
			name = Debug;
		};
		A75489B81FBC4F2900359C0C /* Release */ = {
			isa = XCBuildConfiguration;
			buildSettings = {
				ALWAYS_EMBED_SWIFT_STANDARD_LIBRARIES = YES;
				CODE_SIGN_STYLE = Automatic;
				DEVELOPMENT_TEAM = TFWJVRR5ZT;
				INFOPLIST_FILE = NewsmanUITests/Info.plist;
				LD_RUNPATH_SEARCH_PATHS = "$(inherited) @executable_path/Frameworks @loader_path/Frameworks";
				PRODUCT_BUNDLE_IDENTIFIER = exp.NewsmanUITests;
				PRODUCT_NAME = "$(TARGET_NAME)";
				SWIFT_VERSION = 4.0;
				TARGETED_DEVICE_FAMILY = "1,2";
				TEST_TARGET_NAME = Newsman;
			};
			name = Release;
		};
/* End XCBuildConfiguration section */

/* Begin XCConfigurationList section */
		A75489801FBC4F2900359C0C /* Build configuration list for PBXProject "Newsman" */ = {
			isa = XCConfigurationList;
			buildConfigurations = (
				A75489AE1FBC4F2900359C0C /* Debug */,
				A75489AF1FBC4F2900359C0C /* Release */,
			);
			defaultConfigurationIsVisible = 0;
			defaultConfigurationName = Debug;
		};
		A75489B01FBC4F2900359C0C /* Build configuration list for PBXNativeTarget "Newsman" */ = {
			isa = XCConfigurationList;
			buildConfigurations = (
				A75489B11FBC4F2900359C0C /* Debug */,
				A75489B21FBC4F2900359C0C /* Release */,
			);
			defaultConfigurationIsVisible = 0;
			defaultConfigurationName = Debug;
		};
		A75489B31FBC4F2900359C0C /* Build configuration list for PBXNativeTarget "NewsmanTests" */ = {
			isa = XCConfigurationList;
			buildConfigurations = (
				A75489B41FBC4F2900359C0C /* Debug */,
				A75489B51FBC4F2900359C0C /* Release */,
			);
			defaultConfigurationIsVisible = 0;
			defaultConfigurationName = Debug;
		};
		A75489B61FBC4F2900359C0C /* Build configuration list for PBXNativeTarget "NewsmanUITests" */ = {
			isa = XCConfigurationList;
			buildConfigurations = (
				A75489B71FBC4F2900359C0C /* Debug */,
				A75489B81FBC4F2900359C0C /* Release */,
			);
			defaultConfigurationIsVisible = 0;
			defaultConfigurationName = Debug;
		};
/* End XCConfigurationList section */

/* Begin XCVersionGroup section */
		A754898F1FBC4F2900359C0C /* Newsman.xcdatamodeld */ = {
			isa = XCVersionGroup;
			children = (
				A75489901FBC4F2900359C0C /* Newsman.xcdatamodel */,
			);
			currentVersion = A75489901FBC4F2900359C0C /* Newsman.xcdatamodel */;
			path = Newsman.xcdatamodeld;
			sourceTree = "<group>";
			versionGroupType = wrapper.xcdatamodel;
		};
/* End XCVersionGroup section */
	};
	rootObject = A754897D1FBC4F2900359C0C /* Project object */;
}
